
Microsoft Visual Studio Solution File, Format Version 11.00
# Visual Studio 2010
Project("{2150E333-8FDC-42A3-9474-1A3956D46DE8}") = "Common", "Common", "{1309CE4A-1050-45B9-B790-9F764C6C7C39}"
EndProject
Project("{2150E333-8FDC-42A3-9474-1A3956D46DE8}") = "Faces", "Faces", "{2BA894D4-ABFA-4285-9ED6-02C6F5B0724D}"
EndProject
Project("{2150E333-8FDC-42A3-9474-1A3956D46DE8}") = "Fingers", "Fingers", "{C945BB84-3771-4DC3-8FBC-EE95EFE490D9}"
EndProject
Project("{2150E333-8FDC-42A3-9474-1A3956D46DE8}") = "Irises", "Irises", "{220EBBB4-D690-469B-AC0A-E29842F69F7D}"
EndProject
Project("{2150E333-8FDC-42A3-9474-1A3956D46DE8}") = "Palms", "Palms", "{CB70DAD6-5B60-42C8-B65E-A54E2A9B330D}"
EndProject
Project("{2150E333-8FDC-42A3-9474-1A3956D46DE8}") = "Voices", "Voices", "{0BAFF0FE-3F3E-4D21-9AB2-BDB3582214EB}"
EndProject
Project("{FAE04EC0-301F-11D3-BF4B-00C04F79EFBC}") = "EnrollToServerCS", "EnrollToServerCS\EnrollToServerCS.vs2010.csproj", "{5FB6AA37-378F-4135-88B7-E2DB4259409B}"
EndProject
Project("{FAE04EC0-301F-11D3-BF4B-00C04F79EFBC}") = "EnrollToSQLiteDatabaseCS", "EnrollToSQLiteDatabaseCS\EnrollToSQLiteDatabaseCS.vs2010.csproj", "{C04CC198-0E72-4DA9-8F9B-4390AD267B56}"
EndProject
Project("{FAE04EC0-301F-11D3-BF4B-00C04F79EFBC}") = "IdentifyCS", "IdentifyCS\IdentifyCS.vs2010.csproj", "{78B0F68F-31F3-4181-A5A8-024BAD71FCF0}"
EndProject
Project("{FAE04EC0-301F-11D3-BF4B-00C04F79EFBC}") = "IdentifyOnServerCS", "IdentifyOnServerCS\IdentifyOnServerCS.vs2010.csproj", "{93D9E741-BC2D-4EAE-A579-923F6B2A2829}"
EndProject
Project("{FAE04EC0-301F-11D3-BF4B-00C04F79EFBC}") = "IdentifyOnSQLiteDatabaseCS", "IdentifyOnSQLiteDatabaseCS\IdentifyOnSQLiteDatabaseCS.vs2010.csproj", "{E1333813-4CE6-49B2-A6C7-448C729F5ED4}"
EndProject
Project("{FAE04EC0-301F-11D3-BF4B-00C04F79EFBC}") = "ShowTemplateContentCS", "ShowTemplateContentCS\ShowTemplateContentCS.vs2010.csproj", "{FB1C45DD-F005-42C4-A035-0230B1E88B76}"
EndProject
Project("{FAE04EC0-301F-11D3-BF4B-00C04F79EFBC}") = "VerifyCS", "VerifyCS\VerifyCS.vs2010.csproj", "{450BD4DB-ADAD-4A0C-A1B3-3C2FA5B4ADD9}"
EndProject
Project("{FAE04EC0-301F-11D3-BF4B-00C04F79EFBC}") = "CreateFaceTemplateOnServerCS", "CreateFaceTemplateOnServerCS\CreateFaceTemplateOnServerCS.vs2010.csproj", "{4593AE8F-2737-4A7D-BB76-B009F196C74C}"
EndProject
Project("{FAE04EC0-301F-11D3-BF4B-00C04F79EFBC}") = "CreateMultiFaceTemplateCS", "CreateMultiFaceTemplateCS\CreateMultiFaceTemplateCS.vs2010.csproj", "{5889BE89-A3F9-4478-8B6F-5644A9D730A1}"
EndProject
Project("{FAE04EC0-301F-11D3-BF4B-00C04F79EFBC}") = "CreateTokenFaceImageCS", "CreateTokenFaceImageCS\CreateTokenFaceImageCS.vs2010.csproj", "{B83E3931-BA97-462D-B836-3B9DB2401CA1}"
EndProject
Project("{FAE04EC0-301F-11D3-BF4B-00C04F79EFBC}") = "DetectFacialFeaturesCS", "DetectFacialFeaturesCS\DetectFacialFeaturesCS.vs2010.csproj", "{7126C612-FA3F-4E76-B698-CF5742BE28E4}"
EndProject
Project("{FAE04EC0-301F-11D3-BF4B-00C04F79EFBC}") = "DetectFacialFeaturesFromCameraCS", "DetectFacialFeaturesFromCameraCS\DetectFacialFeaturesFromCameraCS.vs2010.csproj", "{F19C5705-964A-46FF-B6E2-3E7DF3FBB042}"
EndProject
Project("{FAE04EC0-301F-11D3-BF4B-00C04F79EFBC}") = "DetectFacialFeaturesFromImageStreamCS", "DetectFacialFeaturesFromImageStreamCS\DetectFacialFeaturesFromImageStreamCS.vs2010.csproj", "{D51998CD-8440-4E49-A6CD-BF29CD5E1B6F}"
EndProject
Project("{FAE04EC0-301F-11D3-BF4B-00C04F79EFBC}") = "EnrollFaceFromCameraCS", "EnrollFaceFromCameraCS\EnrollFaceFromCameraCS.vs2010.csproj", "{28C6794E-30DA-41BA-A1BE-27D7503761D2}"
EndProject
Project("{FAE04EC0-301F-11D3-BF4B-00C04F79EFBC}") = "EnrollFaceFromFileCS", "EnrollFaceFromFileCS\EnrollFaceFromFileCS.vs2010.csproj", "{FECA7758-26C3-4C26-B976-02E78C6BDC23}"
EndProject
Project("{FAE04EC0-301F-11D3-BF4B-00C04F79EFBC}") = "EnrollFaceFromImageStreamCS", "EnrollFaceFromImageStreamCS\EnrollFaceFromImageStreamCS.vs2010.csproj", "{D8A4BE62-5535-4674-A000-5CE54F0820DE}"
EndProject
Project("{FAE04EC0-301F-11D3-BF4B-00C04F79EFBC}") = "GeneralizeFaceCS", "GeneralizeFaceCS\GeneralizeFaceCS.vs2010.csproj", "{FCF836ED-7D1D-431B-9920-496A87DDAEEF}"
EndProject
Project("{FAE04EC0-301F-11D3-BF4B-00C04F79EFBC}") = "IdentifyFaceCS", "IdentifyFaceCS\IdentifyFaceCS.vs2010.csproj", "{78B0F68F-31F3-4181-A5A8-024BAD71FCFF}"
EndProject
Project("{FAE04EC0-301F-11D3-BF4B-00C04F79EFBC}") = "MatchMultipleFacesCS", "MatchMultipleFacesCS\MatchMultipleFacesCS.vs2010.csproj", "{9086A928-0C06-4188-99E1-58C2082A26B5}"
EndProject
Project("{FAE04EC0-301F-11D3-BF4B-00C04F79EFBC}") = "VerifyFaceCS", "VerifyFaceCS\VerifyFaceCS.vs2010.csproj", "{450BD4DB-ADAD-4A0C-A1B3-3C2FA5B4ADD8}"
EndProject
Project("{FAE04EC0-301F-11D3-BF4B-00C04F79EFBC}") = "ClassifyFingerCS", "ClassifyFingerCS\ClassifyFingerCS.vs2010.csproj", "{D6CE4E0E-DF0B-4764-9D89-E503BCDED396}"
EndProject
Project("{FAE04EC0-301F-11D3-BF4B-00C04F79EFBC}") = "CreateFingerTemplateOnServerCS", "CreateFingerTemplateOnServerCS\CreateFingerTemplateOnServerCS.vs2010.csproj", "{2410D464-95EB-41D9-866E-0D0E712B6DA2}"
EndProject
Project("{FAE04EC0-301F-11D3-BF4B-00C04F79EFBC}") = "CreateMultiFingerTemplateCS", "CreateMultiFingerTemplateCS\CreateMultiFingerTemplateCS.vs2010.csproj", "{2BA55B69-16FA-4F94-9F7A-F9474C45BDDC}"
EndProject
Project("{FAE04EC0-301F-11D3-BF4B-00C04F79EFBC}") = "DrawMinutiaeOnImageCS", "DrawMinutiaeOnImageCS\DrawMinutiaeOnImageCS.vs2010.csproj", "{E08B6701-874B-405D-A34C-04C15E268647}"
EndProject
Project("{FAE04EC0-301F-11D3-BF4B-00C04F79EFBC}") = "EnrollFingerFromImageCS", "EnrollFingerFromImageCS\EnrollFingerFromImageCS.vs2010.csproj", "{CD1542D2-3E8B-4AEC-8E06-BD8AEAB87C0F}"
EndProject
Project("{FAE04EC0-301F-11D3-BF4B-00C04F79EFBC}") = "EnrollFingerFromScannerCS", "EnrollFingerFromScannerCS\EnrollFingerFromScannerCS.vs2010.csproj", "{199DE9D3-C052-48D7-AF1B-EB279945AEF8}"
EndProject
Project("{FAE04EC0-301F-11D3-BF4B-00C04F79EFBC}") = "EvaluateFingerQualityCS", "EvaluateFingerQualityCS\EvaluateFingerQualityCS.vs2010.csproj", "{0E683D97-C1B0-44B6-8D44-1AE03811EF5F}"
EndProject
Project("{FAE04EC0-301F-11D3-BF4B-00C04F79EFBC}") = "GeneralizeFingerCS", "GeneralizeFingerCS\GeneralizeFingerCS.vs2010.csproj", "{2DE25AE2-1986-4317-837B-82A5848D4D0B}"
EndProject
Project("{FAE04EC0-301F-11D3-BF4B-00C04F79EFBC}") = "IdentifyFingerCS", "IdentifyFingerCS\IdentifyFingerCS.vs2010.csproj", "{CDE5ECB4-C278-4FAA-BD3E-D955AF8B9584}"
EndProject
Project("{FAE04EC0-301F-11D3-BF4B-00C04F79EFBC}") = "SegmentFingersCS", "SegmentFingersCS\SegmentFingersCS.vs2010.csproj", "{1E2CD758-9A16-48AA-B5CC-104D0FE688C5}"
EndProject
Project("{FAE04EC0-301F-11D3-BF4B-00C04F79EFBC}") = "VerifyFingerCS", "VerifyFingerCS\VerifyFingerCS.vs2010.csproj", "{79F1294D-EB91-4448-94C5-E18FBB4B1F24}"
EndProject
Project("{FAE04EC0-301F-11D3-BF4B-00C04F79EFBC}") = "CreateIrisTemplateOnServerCS", "CreateIrisTemplateOnServerCS\CreateIrisTemplateOnServerCS.vs2010.csproj", "{383672C4-D1CC-46AD-9C62-C97492CF5834}"
EndProject
Project("{FAE04EC0-301F-11D3-BF4B-00C04F79EFBC}") = "CreateTwoIrisTemplateCS", "CreateTwoIrisTemplateCS\CreateTwoIrisTemplateCS.vs2010.csproj", "{F651B6CB-9128-4B49-95AA-7A4DDC2CFDF2}"
EndProject
Project("{FAE04EC0-301F-11D3-BF4B-00C04F79EFBC}") = "EnrollIrisFromImageCS", "EnrollIrisFromImageCS\EnrollIrisFromImageCS.vs2010.csproj", "{B113321F-5685-4606-8C30-71D579867377}"
EndProject
Project("{FAE04EC0-301F-11D3-BF4B-00C04F79EFBC}") = "EnrollIrisFromScannerCS", "EnrollIrisFromScannerCS\EnrollIrisFromScannerCS.vs2010.csproj", "{94FE37BE-157D-496A-A116-65ADAF72A929}"
EndProject
Project("{FAE04EC0-301F-11D3-BF4B-00C04F79EFBC}") = "IdentifyIrisCS", "IdentifyIrisCS\IdentifyIrisCS.vs2010.csproj", "{0096C66C-0838-46E0-8478-B683F3A99C0D}"
EndProject
Project("{FAE04EC0-301F-11D3-BF4B-00C04F79EFBC}") = "SegmentIrisCS", "SegmentIrisCS\SegmentIrisCS.vs2010.csproj", "{4CF406CA-B65F-43B0-B3CA-B53854B37D45}"
EndProject
Project("{FAE04EC0-301F-11D3-BF4B-00C04F79EFBC}") = "VerifyIrisCS", "VerifyIrisCS\VerifyIrisCS.vs2010.csproj", "{74784734-09BB-4C63-9E89-292E58F5EFE6}"
EndProject
Project("{FAE04EC0-301F-11D3-BF4B-00C04F79EFBC}") = "CreatePalmTemplateOnServerCS", "CreatePalmTemplateOnServerCS\CreatePalmTemplateOnServerCS.vs2010.csproj", "{F1830522-604C-42B9-B7E6-27BA2C5E43AD}"
EndProject
Project("{FAE04EC0-301F-11D3-BF4B-00C04F79EFBC}") = "EnrollPalmFromImageCS", "EnrollPalmFromImageCS\EnrollPalmFromImageCS.vs2010.csproj", "{490C7210-7CBE-4E00-B1C9-A688D8FC97D2}"
EndProject
Project("{FAE04EC0-301F-11D3-BF4B-00C04F79EFBC}") = "GeneralizePalmCS", "GeneralizePalmCS\GeneralizePalmCS.vs2010.csproj", "{4BBCBFB6-8FBB-4D4C-8605-37F87363CC99}"
EndProject
Project("{FAE04EC0-301F-11D3-BF4B-00C04F79EFBC}") = "IdentifyPalmCS", "IdentifyPalmCS\IdentifyPalmCS.vs2010.csproj", "{9695A91C-69FB-46D2-8BC6-B8DB4F811785}"
EndProject
Project("{FAE04EC0-301F-11D3-BF4B-00C04F79EFBC}") = "VerifyPalmCS", "VerifyPalmCS\VerifyPalmCS.vs2010.csproj", "{992C2D7D-3A3B-4FA2-BB45-ED3BC8635348}"
EndProject
Project("{FAE04EC0-301F-11D3-BF4B-00C04F79EFBC}") = "CreateVoiceTemplateOnServerCS", "CreateVoiceTemplateOnServerCS\CreateVoiceTemplateOnServerCS.vs2010.csproj", "{AAC93E3F-4361-4C39-83C5-FEF6721631CA}"
EndProject
Project("{FAE04EC0-301F-11D3-BF4B-00C04F79EFBC}") = "EnrollVoiceFromAudioFileCS", "EnrollVoiceFromAudioFileCS\EnrollVoiceFromAudioFileCS.vs2010.csproj", "{320352B3-805C-4386-8731-DD7CDA6E268D}"
EndProject
Project("{FAE04EC0-301F-11D3-BF4B-00C04F79EFBC}") = "EnrollVoiceFromMicrophoneCS", "EnrollVoiceFromMicrophoneCS\EnrollVoiceFromMicrophoneCS.vs2010.csproj", "{832EBD29-0771-4B10-B016-4C6495EDF9C8}"
EndProject
Project("{FAE04EC0-301F-11D3-BF4B-00C04F79EFBC}") = "IdentifyVoiceCS", "IdentifyVoiceCS\IdentifyVoiceCS.vs2010.csproj", "{67CDFFCB-015B-4FAD-B58A-0BBE6C8855AF}"
EndProject
Project("{FAE04EC0-301F-11D3-BF4B-00C04F79EFBC}") = "VerifyVoiceCS", "VerifyVoiceCS\VerifyVoiceCS.vs2010.csproj", "{FD88C8A5-EE4D-4B57-8D05-973FFEF6BC34}"
EndProject
Global
	GlobalSection(SolutionConfigurationPlatforms) = preSolution
		Debug All|Win32_x86 = Debug All|Win32_x86
		Debug All|Win64_x64 = Debug All|Win64_x64
		Release All|Win32_x86 = Release All|Win32_x86
		Release All|Win64_x64 = Release All|Win64_x64
	EndGlobalSection
	GlobalSection(ProjectConfigurationPlatforms) = postSolution
		{5FB6AA37-378F-4135-88B7-E2DB4259409B}.Debug All|Win32_x86.ActiveCfg = Debug|x86
		{5FB6AA37-378F-4135-88B7-E2DB4259409B}.Debug All|Win32_x86.Build.0 = Debug|x86
		{5FB6AA37-378F-4135-88B7-E2DB4259409B}.Debug All|Win64_x64.ActiveCfg = Debug|x64
		{5FB6AA37-378F-4135-88B7-E2DB4259409B}.Debug All|Win64_x64.Build.0 = Debug|x64
		{5FB6AA37-378F-4135-88B7-E2DB4259409B}.Release All|Win32_x86.ActiveCfg = Release|x86
		{5FB6AA37-378F-4135-88B7-E2DB4259409B}.Release All|Win32_x86.Build.0 = Release|x86
		{5FB6AA37-378F-4135-88B7-E2DB4259409B}.Release All|Win64_x64.ActiveCfg = Release|x64
		{5FB6AA37-378F-4135-88B7-E2DB4259409B}.Release All|Win64_x64.Build.0 = Release|x64
		{C04CC198-0E72-4DA9-8F9B-4390AD267B56}.Debug All|Win32_x86.ActiveCfg = Debug|x86
		{C04CC198-0E72-4DA9-8F9B-4390AD267B56}.Debug All|Win32_x86.Build.0 = Debug|x86
		{C04CC198-0E72-4DA9-8F9B-4390AD267B56}.Debug All|Win64_x64.ActiveCfg = Debug|x64
		{C04CC198-0E72-4DA9-8F9B-4390AD267B56}.Debug All|Win64_x64.Build.0 = Debug|x64
		{C04CC198-0E72-4DA9-8F9B-4390AD267B56}.Release All|Win32_x86.ActiveCfg = Release|x86
		{C04CC198-0E72-4DA9-8F9B-4390AD267B56}.Release All|Win32_x86.Build.0 = Release|x86
		{C04CC198-0E72-4DA9-8F9B-4390AD267B56}.Release All|Win64_x64.ActiveCfg = Release|x64
		{C04CC198-0E72-4DA9-8F9B-4390AD267B56}.Release All|Win64_x64.Build.0 = Release|x64
		{78B0F68F-31F3-4181-A5A8-024BAD71FCF0}.Debug All|Win32_x86.ActiveCfg = Debug|x86
		{78B0F68F-31F3-4181-A5A8-024BAD71FCF0}.Debug All|Win32_x86.Build.0 = Debug|x86
		{78B0F68F-31F3-4181-A5A8-024BAD71FCF0}.Debug All|Win64_x64.ActiveCfg = Debug|x64
		{78B0F68F-31F3-4181-A5A8-024BAD71FCF0}.Debug All|Win64_x64.Build.0 = Debug|x64
		{78B0F68F-31F3-4181-A5A8-024BAD71FCF0}.Release All|Win32_x86.ActiveCfg = Release|x86
		{78B0F68F-31F3-4181-A5A8-024BAD71FCF0}.Release All|Win32_x86.Build.0 = Release|x86
		{78B0F68F-31F3-4181-A5A8-024BAD71FCF0}.Release All|Win64_x64.ActiveCfg = Release|x64
		{78B0F68F-31F3-4181-A5A8-024BAD71FCF0}.Release All|Win64_x64.Build.0 = Release|x64
		{93D9E741-BC2D-4EAE-A579-923F6B2A2829}.Debug All|Win32_x86.ActiveCfg = Debug|x86
		{93D9E741-BC2D-4EAE-A579-923F6B2A2829}.Debug All|Win32_x86.Build.0 = Debug|x86
		{93D9E741-BC2D-4EAE-A579-923F6B2A2829}.Debug All|Win64_x64.ActiveCfg = Debug|x64
		{93D9E741-BC2D-4EAE-A579-923F6B2A2829}.Debug All|Win64_x64.Build.0 = Debug|x64
		{93D9E741-BC2D-4EAE-A579-923F6B2A2829}.Release All|Win32_x86.ActiveCfg = Release|x86
		{93D9E741-BC2D-4EAE-A579-923F6B2A2829}.Release All|Win32_x86.Build.0 = Release|x86
		{93D9E741-BC2D-4EAE-A579-923F6B2A2829}.Release All|Win64_x64.ActiveCfg = Release|x64
		{93D9E741-BC2D-4EAE-A579-923F6B2A2829}.Release All|Win64_x64.Build.0 = Release|x64
		{E1333813-4CE6-49B2-A6C7-448C729F5ED4}.Debug All|Win32_x86.ActiveCfg = Debug|x86
		{E1333813-4CE6-49B2-A6C7-448C729F5ED4}.Debug All|Win32_x86.Build.0 = Debug|x86
		{E1333813-4CE6-49B2-A6C7-448C729F5ED4}.Debug All|Win64_x64.ActiveCfg = Debug|x64
		{E1333813-4CE6-49B2-A6C7-448C729F5ED4}.Debug All|Win64_x64.Build.0 = Debug|x64
		{E1333813-4CE6-49B2-A6C7-448C729F5ED4}.Release All|Win32_x86.ActiveCfg = Release|x86
		{E1333813-4CE6-49B2-A6C7-448C729F5ED4}.Release All|Win32_x86.Build.0 = Release|x86
		{E1333813-4CE6-49B2-A6C7-448C729F5ED4}.Release All|Win64_x64.ActiveCfg = Release|x64
		{E1333813-4CE6-49B2-A6C7-448C729F5ED4}.Release All|Win64_x64.Build.0 = Release|x64
		{FB1C45DD-F005-42C4-A035-0230B1E88B76}.Debug All|Win32_x86.ActiveCfg = Debug|x86
		{FB1C45DD-F005-42C4-A035-0230B1E88B76}.Debug All|Win32_x86.Build.0 = Debug|x86
		{FB1C45DD-F005-42C4-A035-0230B1E88B76}.Debug All|Win64_x64.ActiveCfg = Debug|x64
		{FB1C45DD-F005-42C4-A035-0230B1E88B76}.Debug All|Win64_x64.Build.0 = Debug|x64
		{FB1C45DD-F005-42C4-A035-0230B1E88B76}.Release All|Win32_x86.ActiveCfg = Release|x86
		{FB1C45DD-F005-42C4-A035-0230B1E88B76}.Release All|Win32_x86.Build.0 = Release|x86
		{FB1C45DD-F005-42C4-A035-0230B1E88B76}.Release All|Win64_x64.ActiveCfg = Release|x64
		{FB1C45DD-F005-42C4-A035-0230B1E88B76}.Release All|Win64_x64.Build.0 = Release|x64
		{450BD4DB-ADAD-4A0C-A1B3-3C2FA5B4ADD9}.Debug All|Win32_x86.ActiveCfg = Debug|x86
		{450BD4DB-ADAD-4A0C-A1B3-3C2FA5B4ADD9}.Debug All|Win32_x86.Build.0 = Debug|x86
		{450BD4DB-ADAD-4A0C-A1B3-3C2FA5B4ADD9}.Debug All|Win64_x64.ActiveCfg = Debug|x64
		{450BD4DB-ADAD-4A0C-A1B3-3C2FA5B4ADD9}.Debug All|Win64_x64.Build.0 = Debug|x64
		{450BD4DB-ADAD-4A0C-A1B3-3C2FA5B4ADD9}.Release All|Win32_x86.ActiveCfg = Release|x86
		{450BD4DB-ADAD-4A0C-A1B3-3C2FA5B4ADD9}.Release All|Win32_x86.Build.0 = Release|x86
		{450BD4DB-ADAD-4A0C-A1B3-3C2FA5B4ADD9}.Release All|Win64_x64.ActiveCfg = Release|x64
		{450BD4DB-ADAD-4A0C-A1B3-3C2FA5B4ADD9}.Release All|Win64_x64.Build.0 = Release|x64
		{4593AE8F-2737-4A7D-BB76-B009F196C74C}.Debug All|Win32_x86.ActiveCfg = Debug|x86
		{4593AE8F-2737-4A7D-BB76-B009F196C74C}.Debug All|Win32_x86.Build.0 = Debug|x86
		{4593AE8F-2737-4A7D-BB76-B009F196C74C}.Debug All|Win64_x64.ActiveCfg = Debug|x64
		{4593AE8F-2737-4A7D-BB76-B009F196C74C}.Debug All|Win64_x64.Build.0 = Debug|x64
		{4593AE8F-2737-4A7D-BB76-B009F196C74C}.Release All|Win32_x86.ActiveCfg = Release|x86
		{4593AE8F-2737-4A7D-BB76-B009F196C74C}.Release All|Win32_x86.Build.0 = Release|x86
		{4593AE8F-2737-4A7D-BB76-B009F196C74C}.Release All|Win64_x64.ActiveCfg = Release|x64
		{4593AE8F-2737-4A7D-BB76-B009F196C74C}.Release All|Win64_x64.Build.0 = Release|x64
		{5889BE89-A3F9-4478-8B6F-5644A9D730A1}.Debug All|Win32_x86.ActiveCfg = Debug|x86
		{5889BE89-A3F9-4478-8B6F-5644A9D730A1}.Debug All|Win32_x86.Build.0 = Debug|x86
		{5889BE89-A3F9-4478-8B6F-5644A9D730A1}.Debug All|Win64_x64.ActiveCfg = Debug|x64
		{5889BE89-A3F9-4478-8B6F-5644A9D730A1}.Debug All|Win64_x64.Build.0 = Debug|x64
		{5889BE89-A3F9-4478-8B6F-5644A9D730A1}.Release All|Win32_x86.ActiveCfg = Release|x86
		{5889BE89-A3F9-4478-8B6F-5644A9D730A1}.Release All|Win32_x86.Build.0 = Release|x86
		{5889BE89-A3F9-4478-8B6F-5644A9D730A1}.Release All|Win64_x64.ActiveCfg = Release|x64
		{5889BE89-A3F9-4478-8B6F-5644A9D730A1}.Release All|Win64_x64.Build.0 = Release|x64
		{B83E3931-BA97-462D-B836-3B9DB2401CA1}.Debug All|Win32_x86.ActiveCfg = Debug|x86
		{B83E3931-BA97-462D-B836-3B9DB2401CA1}.Debug All|Win32_x86.Build.0 = Debug|x86
		{B83E3931-BA97-462D-B836-3B9DB2401CA1}.Debug All|Win64_x64.ActiveCfg = Debug|x64
		{B83E3931-BA97-462D-B836-3B9DB2401CA1}.Debug All|Win64_x64.Build.0 = Debug|x64
		{B83E3931-BA97-462D-B836-3B9DB2401CA1}.Release All|Win32_x86.ActiveCfg = Release|x86
		{B83E3931-BA97-462D-B836-3B9DB2401CA1}.Release All|Win32_x86.Build.0 = Release|x86
		{B83E3931-BA97-462D-B836-3B9DB2401CA1}.Release All|Win64_x64.ActiveCfg = Release|x64
		{B83E3931-BA97-462D-B836-3B9DB2401CA1}.Release All|Win64_x64.Build.0 = Release|x64
		{7126C612-FA3F-4E76-B698-CF5742BE28E4}.Debug All|Win32_x86.ActiveCfg = Debug|x86
		{7126C612-FA3F-4E76-B698-CF5742BE28E4}.Debug All|Win32_x86.Build.0 = Debug|x86
		{7126C612-FA3F-4E76-B698-CF5742BE28E4}.Debug All|Win64_x64.ActiveCfg = Debug|x64
		{7126C612-FA3F-4E76-B698-CF5742BE28E4}.Debug All|Win64_x64.Build.0 = Debug|x64
		{7126C612-FA3F-4E76-B698-CF5742BE28E4}.Release All|Win32_x86.ActiveCfg = Release|x86
		{7126C612-FA3F-4E76-B698-CF5742BE28E4}.Release All|Win32_x86.Build.0 = Release|x86
		{7126C612-FA3F-4E76-B698-CF5742BE28E4}.Release All|Win64_x64.ActiveCfg = Release|x64
		{7126C612-FA3F-4E76-B698-CF5742BE28E4}.Release All|Win64_x64.Build.0 = Release|x64
		{F19C5705-964A-46FF-B6E2-3E7DF3FBB042}.Debug All|Win32_x86.ActiveCfg = Debug|x86
		{F19C5705-964A-46FF-B6E2-3E7DF3FBB042}.Debug All|Win32_x86.Build.0 = Debug|x86
		{F19C5705-964A-46FF-B6E2-3E7DF3FBB042}.Debug All|Win64_x64.ActiveCfg = Debug|x64
		{F19C5705-964A-46FF-B6E2-3E7DF3FBB042}.Debug All|Win64_x64.Build.0 = Debug|x64
		{F19C5705-964A-46FF-B6E2-3E7DF3FBB042}.Release All|Win32_x86.ActiveCfg = Release|x86
		{F19C5705-964A-46FF-B6E2-3E7DF3FBB042}.Release All|Win32_x86.Build.0 = Release|x86
		{F19C5705-964A-46FF-B6E2-3E7DF3FBB042}.Release All|Win64_x64.ActiveCfg = Release|x64
		{F19C5705-964A-46FF-B6E2-3E7DF3FBB042}.Release All|Win64_x64.Build.0 = Release|x64
		{D51998CD-8440-4E49-A6CD-BF29CD5E1B6F}.Debug All|Win32_x86.ActiveCfg = Debug|x86
		{D51998CD-8440-4E49-A6CD-BF29CD5E1B6F}.Debug All|Win32_x86.Build.0 = Debug|x86
		{D51998CD-8440-4E49-A6CD-BF29CD5E1B6F}.Debug All|Win64_x64.ActiveCfg = Debug|x64
		{D51998CD-8440-4E49-A6CD-BF29CD5E1B6F}.Debug All|Win64_x64.Build.0 = Debug|x64
		{D51998CD-8440-4E49-A6CD-BF29CD5E1B6F}.Release All|Win32_x86.ActiveCfg = Release|x86
		{D51998CD-8440-4E49-A6CD-BF29CD5E1B6F}.Release All|Win32_x86.Build.0 = Release|x86
		{D51998CD-8440-4E49-A6CD-BF29CD5E1B6F}.Release All|Win64_x64.ActiveCfg = Release|x64
		{D51998CD-8440-4E49-A6CD-BF29CD5E1B6F}.Release All|Win64_x64.Build.0 = Release|x64
		{28C6794E-30DA-41BA-A1BE-27D7503761D2}.Debug All|Win32_x86.ActiveCfg = Debug|x86
		{28C6794E-30DA-41BA-A1BE-27D7503761D2}.Debug All|Win32_x86.Build.0 = Debug|x86
		{28C6794E-30DA-41BA-A1BE-27D7503761D2}.Debug All|Win64_x64.ActiveCfg = Debug|x64
		{28C6794E-30DA-41BA-A1BE-27D7503761D2}.Debug All|Win64_x64.Build.0 = Debug|x64
		{28C6794E-30DA-41BA-A1BE-27D7503761D2}.Release All|Win32_x86.ActiveCfg = Release|x86
		{28C6794E-30DA-41BA-A1BE-27D7503761D2}.Release All|Win32_x86.Build.0 = Release|x86
		{28C6794E-30DA-41BA-A1BE-27D7503761D2}.Release All|Win64_x64.ActiveCfg = Release|x64
		{28C6794E-30DA-41BA-A1BE-27D7503761D2}.Release All|Win64_x64.Build.0 = Release|x64
		{FECA7758-26C3-4C26-B976-02E78C6BDC23}.Debug All|Win32_x86.ActiveCfg = Debug|x86
		{FECA7758-26C3-4C26-B976-02E78C6BDC23}.Debug All|Win32_x86.Build.0 = Debug|x86
		{FECA7758-26C3-4C26-B976-02E78C6BDC23}.Debug All|Win64_x64.ActiveCfg = Debug|x64
		{FECA7758-26C3-4C26-B976-02E78C6BDC23}.Debug All|Win64_x64.Build.0 = Debug|x64
		{FECA7758-26C3-4C26-B976-02E78C6BDC23}.Release All|Win32_x86.ActiveCfg = Release|x86
		{FECA7758-26C3-4C26-B976-02E78C6BDC23}.Release All|Win32_x86.Build.0 = Release|x86
		{FECA7758-26C3-4C26-B976-02E78C6BDC23}.Release All|Win64_x64.ActiveCfg = Release|x64
		{FECA7758-26C3-4C26-B976-02E78C6BDC23}.Release All|Win64_x64.Build.0 = Release|x64
		{D8A4BE62-5535-4674-A000-5CE54F0820DE}.Debug All|Win32_x86.ActiveCfg = Debug|x86
		{D8A4BE62-5535-4674-A000-5CE54F0820DE}.Debug All|Win32_x86.Build.0 = Debug|x86
		{D8A4BE62-5535-4674-A000-5CE54F0820DE}.Debug All|Win64_x64.ActiveCfg = Debug|x64
		{D8A4BE62-5535-4674-A000-5CE54F0820DE}.Debug All|Win64_x64.Build.0 = Debug|x64
		{D8A4BE62-5535-4674-A000-5CE54F0820DE}.Release All|Win32_x86.ActiveCfg = Release|x86
		{D8A4BE62-5535-4674-A000-5CE54F0820DE}.Release All|Win32_x86.Build.0 = Release|x86
		{D8A4BE62-5535-4674-A000-5CE54F0820DE}.Release All|Win64_x64.ActiveCfg = Release|x64
		{D8A4BE62-5535-4674-A000-5CE54F0820DE}.Release All|Win64_x64.Build.0 = Release|x64
		{FCF836ED-7D1D-431B-9920-496A87DDAEEF}.Debug All|Win32_x86.ActiveCfg = Debug|x86
		{FCF836ED-7D1D-431B-9920-496A87DDAEEF}.Debug All|Win32_x86.Build.0 = Debug|x86
		{FCF836ED-7D1D-431B-9920-496A87DDAEEF}.Debug All|Win64_x64.ActiveCfg = Debug|x64
		{FCF836ED-7D1D-431B-9920-496A87DDAEEF}.Debug All|Win64_x64.Build.0 = Debug|x64
		{FCF836ED-7D1D-431B-9920-496A87DDAEEF}.Release All|Win32_x86.ActiveCfg = Release|x86
		{FCF836ED-7D1D-431B-9920-496A87DDAEEF}.Release All|Win32_x86.Build.0 = Release|x86
		{FCF836ED-7D1D-431B-9920-496A87DDAEEF}.Release All|Win64_x64.ActiveCfg = Release|x64
		{FCF836ED-7D1D-431B-9920-496A87DDAEEF}.Release All|Win64_x64.Build.0 = Release|x64
		{78B0F68F-31F3-4181-A5A8-024BAD71FCFF}.Debug All|Win32_x86.ActiveCfg = Debug|x86
		{78B0F68F-31F3-4181-A5A8-024BAD71FCFF}.Debug All|Win32_x86.Build.0 = Debug|x86
		{78B0F68F-31F3-4181-A5A8-024BAD71FCFF}.Debug All|Win64_x64.ActiveCfg = Debug|x64
		{78B0F68F-31F3-4181-A5A8-024BAD71FCFF}.Debug All|Win64_x64.Build.0 = Debug|x64
		{78B0F68F-31F3-4181-A5A8-024BAD71FCFF}.Release All|Win32_x86.ActiveCfg = Release|x86
		{78B0F68F-31F3-4181-A5A8-024BAD71FCFF}.Release All|Win32_x86.Build.0 = Release|x86
		{78B0F68F-31F3-4181-A5A8-024BAD71FCFF}.Release All|Win64_x64.ActiveCfg = Release|x64
		{78B0F68F-31F3-4181-A5A8-024BAD71FCFF}.Release All|Win64_x64.Build.0 = Release|x64
		{9086A928-0C06-4188-99E1-58C2082A26B5}.Debug All|Win32_x86.ActiveCfg = Debug|x86
		{9086A928-0C06-4188-99E1-58C2082A26B5}.Debug All|Win32_x86.Build.0 = Debug|x86
		{9086A928-0C06-4188-99E1-58C2082A26B5}.Debug All|Win64_x64.ActiveCfg = Debug|x64
		{9086A928-0C06-4188-99E1-58C2082A26B5}.Debug All|Win64_x64.Build.0 = Debug|x64
		{9086A928-0C06-4188-99E1-58C2082A26B5}.Release All|Win32_x86.ActiveCfg = Release|x86
		{9086A928-0C06-4188-99E1-58C2082A26B5}.Release All|Win32_x86.Build.0 = Release|x86
		{9086A928-0C06-4188-99E1-58C2082A26B5}.Release All|Win64_x64.ActiveCfg = Release|x64
		{9086A928-0C06-4188-99E1-58C2082A26B5}.Release All|Win64_x64.Build.0 = Release|x64
		{450BD4DB-ADAD-4A0C-A1B3-3C2FA5B4ADD8}.Debug All|Win32_x86.ActiveCfg = Debug|x86
		{450BD4DB-ADAD-4A0C-A1B3-3C2FA5B4ADD8}.Debug All|Win32_x86.Build.0 = Debug|x86
		{450BD4DB-ADAD-4A0C-A1B3-3C2FA5B4ADD8}.Debug All|Win64_x64.ActiveCfg = Debug|x64
		{450BD4DB-ADAD-4A0C-A1B3-3C2FA5B4ADD8}.Debug All|Win64_x64.Build.0 = Debug|x64
		{450BD4DB-ADAD-4A0C-A1B3-3C2FA5B4ADD8}.Release All|Win32_x86.ActiveCfg = Release|x86
		{450BD4DB-ADAD-4A0C-A1B3-3C2FA5B4ADD8}.Release All|Win32_x86.Build.0 = Release|x86
		{450BD4DB-ADAD-4A0C-A1B3-3C2FA5B4ADD8}.Release All|Win64_x64.ActiveCfg = Release|x64
		{450BD4DB-ADAD-4A0C-A1B3-3C2FA5B4ADD8}.Release All|Win64_x64.Build.0 = Release|x64
		{D6CE4E0E-DF0B-4764-9D89-E503BCDED396}.Debug All|Win32_x86.ActiveCfg = Debug|x86
		{D6CE4E0E-DF0B-4764-9D89-E503BCDED396}.Debug All|Win32_x86.Build.0 = Debug|x86
		{D6CE4E0E-DF0B-4764-9D89-E503BCDED396}.Debug All|Win64_x64.ActiveCfg = Debug|x64
		{D6CE4E0E-DF0B-4764-9D89-E503BCDED396}.Debug All|Win64_x64.Build.0 = Debug|x64
		{D6CE4E0E-DF0B-4764-9D89-E503BCDED396}.Release All|Win32_x86.ActiveCfg = Release|x86
		{D6CE4E0E-DF0B-4764-9D89-E503BCDED396}.Release All|Win32_x86.Build.0 = Release|x86
		{D6CE4E0E-DF0B-4764-9D89-E503BCDED396}.Release All|Win64_x64.ActiveCfg = Release|x64
		{D6CE4E0E-DF0B-4764-9D89-E503BCDED396}.Release All|Win64_x64.Build.0 = Release|x64
		{2410D464-95EB-41D9-866E-0D0E712B6DA2}.Debug All|Win32_x86.ActiveCfg = Debug|x86
		{2410D464-95EB-41D9-866E-0D0E712B6DA2}.Debug All|Win32_x86.Build.0 = Debug|x86
		{2410D464-95EB-41D9-866E-0D0E712B6DA2}.Debug All|Win64_x64.ActiveCfg = Debug|x64
		{2410D464-95EB-41D9-866E-0D0E712B6DA2}.Debug All|Win64_x64.Build.0 = Debug|x64
		{2410D464-95EB-41D9-866E-0D0E712B6DA2}.Release All|Win32_x86.ActiveCfg = Release|x86
		{2410D464-95EB-41D9-866E-0D0E712B6DA2}.Release All|Win32_x86.Build.0 = Release|x86
		{2410D464-95EB-41D9-866E-0D0E712B6DA2}.Release All|Win64_x64.ActiveCfg = Release|x64
		{2410D464-95EB-41D9-866E-0D0E712B6DA2}.Release All|Win64_x64.Build.0 = Release|x64
		{2BA55B69-16FA-4F94-9F7A-F9474C45BDDC}.Debug All|Win32_x86.ActiveCfg = Debug|x86
		{2BA55B69-16FA-4F94-9F7A-F9474C45BDDC}.Debug All|Win32_x86.Build.0 = Debug|x86
		{2BA55B69-16FA-4F94-9F7A-F9474C45BDDC}.Debug All|Win64_x64.ActiveCfg = Debug|x64
		{2BA55B69-16FA-4F94-9F7A-F9474C45BDDC}.Debug All|Win64_x64.Build.0 = Debug|x64
		{2BA55B69-16FA-4F94-9F7A-F9474C45BDDC}.Release All|Win32_x86.ActiveCfg = Release|x86
		{2BA55B69-16FA-4F94-9F7A-F9474C45BDDC}.Release All|Win32_x86.Build.0 = Release|x86
		{2BA55B69-16FA-4F94-9F7A-F9474C45BDDC}.Release All|Win64_x64.ActiveCfg = Release|x64
		{2BA55B69-16FA-4F94-9F7A-F9474C45BDDC}.Release All|Win64_x64.Build.0 = Release|x64
		{E08B6701-874B-405D-A34C-04C15E268647}.Debug All|Win32_x86.ActiveCfg = Debug|x86
		{E08B6701-874B-405D-A34C-04C15E268647}.Debug All|Win32_x86.Build.0 = Debug|x86
		{E08B6701-874B-405D-A34C-04C15E268647}.Debug All|Win64_x64.ActiveCfg = Debug|x64
		{E08B6701-874B-405D-A34C-04C15E268647}.Debug All|Win64_x64.Build.0 = Debug|x64
		{E08B6701-874B-405D-A34C-04C15E268647}.Release All|Win32_x86.ActiveCfg = Release|x86
		{E08B6701-874B-405D-A34C-04C15E268647}.Release All|Win32_x86.Build.0 = Release|x86
		{E08B6701-874B-405D-A34C-04C15E268647}.Release All|Win64_x64.ActiveCfg = Release|x64
		{E08B6701-874B-405D-A34C-04C15E268647}.Release All|Win64_x64.Build.0 = Release|x64
		{CD1542D2-3E8B-4AEC-8E06-BD8AEAB87C0F}.Debug All|Win32_x86.ActiveCfg = Debug|x86
		{CD1542D2-3E8B-4AEC-8E06-BD8AEAB87C0F}.Debug All|Win32_x86.Build.0 = Debug|x86
		{CD1542D2-3E8B-4AEC-8E06-BD8AEAB87C0F}.Debug All|Win64_x64.ActiveCfg = Debug|x64
		{CD1542D2-3E8B-4AEC-8E06-BD8AEAB87C0F}.Debug All|Win64_x64.Build.0 = Debug|x64
		{CD1542D2-3E8B-4AEC-8E06-BD8AEAB87C0F}.Release All|Win32_x86.ActiveCfg = Release|x86
		{CD1542D2-3E8B-4AEC-8E06-BD8AEAB87C0F}.Release All|Win32_x86.Build.0 = Release|x86
		{CD1542D2-3E8B-4AEC-8E06-BD8AEAB87C0F}.Release All|Win64_x64.ActiveCfg = Release|x64
		{CD1542D2-3E8B-4AEC-8E06-BD8AEAB87C0F}.Release All|Win64_x64.Build.0 = Release|x64
		{199DE9D3-C052-48D7-AF1B-EB279945AEF8}.Debug All|Win32_x86.ActiveCfg = Debug|x86
		{199DE9D3-C052-48D7-AF1B-EB279945AEF8}.Debug All|Win32_x86.Build.0 = Debug|x86
		{199DE9D3-C052-48D7-AF1B-EB279945AEF8}.Debug All|Win64_x64.ActiveCfg = Debug|x64
		{199DE9D3-C052-48D7-AF1B-EB279945AEF8}.Debug All|Win64_x64.Build.0 = Debug|x64
		{199DE9D3-C052-48D7-AF1B-EB279945AEF8}.Release All|Win32_x86.ActiveCfg = Release|x86
		{199DE9D3-C052-48D7-AF1B-EB279945AEF8}.Release All|Win32_x86.Build.0 = Release|x86
		{199DE9D3-C052-48D7-AF1B-EB279945AEF8}.Release All|Win64_x64.ActiveCfg = Release|x64
		{199DE9D3-C052-48D7-AF1B-EB279945AEF8}.Release All|Win64_x64.Build.0 = Release|x64
		{0E683D97-C1B0-44B6-8D44-1AE03811EF5F}.Debug All|Win32_x86.ActiveCfg = Debug|x86
		{0E683D97-C1B0-44B6-8D44-1AE03811EF5F}.Debug All|Win32_x86.Build.0 = Debug|x86
		{0E683D97-C1B0-44B6-8D44-1AE03811EF5F}.Debug All|Win64_x64.ActiveCfg = Debug|x64
		{0E683D97-C1B0-44B6-8D44-1AE03811EF5F}.Debug All|Win64_x64.Build.0 = Debug|x64
		{0E683D97-C1B0-44B6-8D44-1AE03811EF5F}.Release All|Win32_x86.ActiveCfg = Release|x86
		{0E683D97-C1B0-44B6-8D44-1AE03811EF5F}.Release All|Win32_x86.Build.0 = Release|x86
		{0E683D97-C1B0-44B6-8D44-1AE03811EF5F}.Release All|Win64_x64.ActiveCfg = Release|x64
		{0E683D97-C1B0-44B6-8D44-1AE03811EF5F}.Release All|Win64_x64.Build.0 = Release|x64
		{2DE25AE2-1986-4317-837B-82A5848D4D0B}.Debug All|Win32_x86.ActiveCfg = Debug|x86
		{2DE25AE2-1986-4317-837B-82A5848D4D0B}.Debug All|Win32_x86.Build.0 = Debug|x86
		{2DE25AE2-1986-4317-837B-82A5848D4D0B}.Debug All|Win64_x64.ActiveCfg = Debug|x64
		{2DE25AE2-1986-4317-837B-82A5848D4D0B}.Debug All|Win64_x64.Build.0 = Debug|x64
		{2DE25AE2-1986-4317-837B-82A5848D4D0B}.Release All|Win32_x86.ActiveCfg = Release|x86
		{2DE25AE2-1986-4317-837B-82A5848D4D0B}.Release All|Win32_x86.Build.0 = Release|x86
		{2DE25AE2-1986-4317-837B-82A5848D4D0B}.Release All|Win64_x64.ActiveCfg = Release|x64
		{2DE25AE2-1986-4317-837B-82A5848D4D0B}.Release All|Win64_x64.Build.0 = Release|x64
		{CDE5ECB4-C278-4FAA-BD3E-D955AF8B9584}.Debug All|Win32_x86.ActiveCfg = Debug|x86
		{CDE5ECB4-C278-4FAA-BD3E-D955AF8B9584}.Debug All|Win32_x86.Build.0 = Debug|x86
		{CDE5ECB4-C278-4FAA-BD3E-D955AF8B9584}.Debug All|Win64_x64.ActiveCfg = Debug|x64
		{CDE5ECB4-C278-4FAA-BD3E-D955AF8B9584}.Debug All|Win64_x64.Build.0 = Debug|x64
		{CDE5ECB4-C278-4FAA-BD3E-D955AF8B9584}.Release All|Win32_x86.ActiveCfg = Release|x86
		{CDE5ECB4-C278-4FAA-BD3E-D955AF8B9584}.Release All|Win32_x86.Build.0 = Release|x86
		{CDE5ECB4-C278-4FAA-BD3E-D955AF8B9584}.Release All|Win64_x64.ActiveCfg = Release|x64
		{CDE5ECB4-C278-4FAA-BD3E-D955AF8B9584}.Release All|Win64_x64.Build.0 = Release|x64
		{1E2CD758-9A16-48AA-B5CC-104D0FE688C5}.Debug All|Win32_x86.ActiveCfg = Debug|x86
		{1E2CD758-9A16-48AA-B5CC-104D0FE688C5}.Debug All|Win32_x86.Build.0 = Debug|x86
		{1E2CD758-9A16-48AA-B5CC-104D0FE688C5}.Debug All|Win64_x64.ActiveCfg = Debug|x64
		{1E2CD758-9A16-48AA-B5CC-104D0FE688C5}.Debug All|Win64_x64.Build.0 = Debug|x64
		{1E2CD758-9A16-48AA-B5CC-104D0FE688C5}.Release All|Win32_x86.ActiveCfg = Release|x86
		{1E2CD758-9A16-48AA-B5CC-104D0FE688C5}.Release All|Win32_x86.Build.0 = Release|x86
		{1E2CD758-9A16-48AA-B5CC-104D0FE688C5}.Release All|Win64_x64.ActiveCfg = Release|x64
		{1E2CD758-9A16-48AA-B5CC-104D0FE688C5}.Release All|Win64_x64.Build.0 = Release|x64
		{79F1294D-EB91-4448-94C5-E18FBB4B1F24}.Debug All|Win32_x86.ActiveCfg = Debug|x86
		{79F1294D-EB91-4448-94C5-E18FBB4B1F24}.Debug All|Win32_x86.Build.0 = Debug|x86
		{79F1294D-EB91-4448-94C5-E18FBB4B1F24}.Debug All|Win64_x64.ActiveCfg = Debug|x64
		{79F1294D-EB91-4448-94C5-E18FBB4B1F24}.Debug All|Win64_x64.Build.0 = Debug|x64
		{79F1294D-EB91-4448-94C5-E18FBB4B1F24}.Release All|Win32_x86.ActiveCfg = Release|x86
		{79F1294D-EB91-4448-94C5-E18FBB4B1F24}.Release All|Win32_x86.Build.0 = Release|x86
		{79F1294D-EB91-4448-94C5-E18FBB4B1F24}.Release All|Win64_x64.ActiveCfg = Release|x64
		{79F1294D-EB91-4448-94C5-E18FBB4B1F24}.Release All|Win64_x64.Build.0 = Release|x64
		{383672C4-D1CC-46AD-9C62-C97492CF5834}.Debug All|Win32_x86.ActiveCfg = Debug|x86
		{383672C4-D1CC-46AD-9C62-C97492CF5834}.Debug All|Win32_x86.Build.0 = Debug|x86
		{383672C4-D1CC-46AD-9C62-C97492CF5834}.Debug All|Win64_x64.ActiveCfg = Debug|x64
		{383672C4-D1CC-46AD-9C62-C97492CF5834}.Debug All|Win64_x64.Build.0 = Debug|x64
		{383672C4-D1CC-46AD-9C62-C97492CF5834}.Release All|Win32_x86.ActiveCfg = Release|x86
		{383672C4-D1CC-46AD-9C62-C97492CF5834}.Release All|Win32_x86.Build.0 = Release|x86
		{383672C4-D1CC-46AD-9C62-C97492CF5834}.Release All|Win64_x64.ActiveCfg = Release|x64
		{383672C4-D1CC-46AD-9C62-C97492CF5834}.Release All|Win64_x64.Build.0 = Release|x64
		{F651B6CB-9128-4B49-95AA-7A4DDC2CFDF2}.Debug All|Win32_x86.ActiveCfg = Debug|x86
		{F651B6CB-9128-4B49-95AA-7A4DDC2CFDF2}.Debug All|Win32_x86.Build.0 = Debug|x86
		{F651B6CB-9128-4B49-95AA-7A4DDC2CFDF2}.Debug All|Win64_x64.ActiveCfg = Debug|x64
		{F651B6CB-9128-4B49-95AA-7A4DDC2CFDF2}.Debug All|Win64_x64.Build.0 = Debug|x64
		{F651B6CB-9128-4B49-95AA-7A4DDC2CFDF2}.Release All|Win32_x86.ActiveCfg = Release|x86
		{F651B6CB-9128-4B49-95AA-7A4DDC2CFDF2}.Release All|Win32_x86.Build.0 = Release|x86
		{F651B6CB-9128-4B49-95AA-7A4DDC2CFDF2}.Release All|Win64_x64.ActiveCfg = Release|x64
		{F651B6CB-9128-4B49-95AA-7A4DDC2CFDF2}.Release All|Win64_x64.Build.0 = Release|x64
		{B113321F-5685-4606-8C30-71D579867377}.Debug All|Win32_x86.ActiveCfg = Debug|x86
		{B113321F-5685-4606-8C30-71D579867377}.Debug All|Win32_x86.Build.0 = Debug|x86
		{B113321F-5685-4606-8C30-71D579867377}.Debug All|Win64_x64.ActiveCfg = Debug|x64
		{B113321F-5685-4606-8C30-71D579867377}.Debug All|Win64_x64.Build.0 = Debug|x64
		{B113321F-5685-4606-8C30-71D579867377}.Release All|Win32_x86.ActiveCfg = Release|x86
		{B113321F-5685-4606-8C30-71D579867377}.Release All|Win32_x86.Build.0 = Release|x86
		{B113321F-5685-4606-8C30-71D579867377}.Release All|Win64_x64.ActiveCfg = Release|x64
		{B113321F-5685-4606-8C30-71D579867377}.Release All|Win64_x64.Build.0 = Release|x64
		{94FE37BE-157D-496A-A116-65ADAF72A929}.Debug All|Win32_x86.ActiveCfg = Debug|x86
		{94FE37BE-157D-496A-A116-65ADAF72A929}.Debug All|Win32_x86.Build.0 = Debug|x86
		{94FE37BE-157D-496A-A116-65ADAF72A929}.Debug All|Win64_x64.ActiveCfg = Debug|x64
		{94FE37BE-157D-496A-A116-65ADAF72A929}.Debug All|Win64_x64.Build.0 = Debug|x64
		{94FE37BE-157D-496A-A116-65ADAF72A929}.Release All|Win32_x86.ActiveCfg = Release|x86
		{94FE37BE-157D-496A-A116-65ADAF72A929}.Release All|Win32_x86.Build.0 = Release|x86
		{94FE37BE-157D-496A-A116-65ADAF72A929}.Release All|Win64_x64.ActiveCfg = Release|x64
		{94FE37BE-157D-496A-A116-65ADAF72A929}.Release All|Win64_x64.Build.0 = Release|x64
		{0096C66C-0838-46E0-8478-B683F3A99C0D}.Debug All|Win32_x86.ActiveCfg = Debug|x86
		{0096C66C-0838-46E0-8478-B683F3A99C0D}.Debug All|Win32_x86.Build.0 = Debug|x86
		{0096C66C-0838-46E0-8478-B683F3A99C0D}.Debug All|Win64_x64.ActiveCfg = Debug|x64
		{0096C66C-0838-46E0-8478-B683F3A99C0D}.Debug All|Win64_x64.Build.0 = Debug|x64
		{0096C66C-0838-46E0-8478-B683F3A99C0D}.Release All|Win32_x86.ActiveCfg = Release|x86
		{0096C66C-0838-46E0-8478-B683F3A99C0D}.Release All|Win32_x86.Build.0 = Release|x86
		{0096C66C-0838-46E0-8478-B683F3A99C0D}.Release All|Win64_x64.ActiveCfg = Release|x64
		{0096C66C-0838-46E0-8478-B683F3A99C0D}.Release All|Win64_x64.Build.0 = Release|x64
		{4CF406CA-B65F-43B0-B3CA-B53854B37D45}.Debug All|Win32_x86.ActiveCfg = Debug|x86
		{4CF406CA-B65F-43B0-B3CA-B53854B37D45}.Debug All|Win32_x86.Build.0 = Debug|x86
		{4CF406CA-B65F-43B0-B3CA-B53854B37D45}.Debug All|Win64_x64.ActiveCfg = Debug|x64
		{4CF406CA-B65F-43B0-B3CA-B53854B37D45}.Debug All|Win64_x64.Build.0 = Debug|x64
		{4CF406CA-B65F-43B0-B3CA-B53854B37D45}.Release All|Win32_x86.ActiveCfg = Release|x86
		{4CF406CA-B65F-43B0-B3CA-B53854B37D45}.Release All|Win32_x86.Build.0 = Release|x86
		{4CF406CA-B65F-43B0-B3CA-B53854B37D45}.Release All|Win64_x64.ActiveCfg = Release|x64
		{4CF406CA-B65F-43B0-B3CA-B53854B37D45}.Release All|Win64_x64.Build.0 = Release|x64
		{74784734-09BB-4C63-9E89-292E58F5EFE6}.Debug All|Win32_x86.ActiveCfg = Debug|x86
		{74784734-09BB-4C63-9E89-292E58F5EFE6}.Debug All|Win32_x86.Build.0 = Debug|x86
		{74784734-09BB-4C63-9E89-292E58F5EFE6}.Debug All|Win64_x64.ActiveCfg = Debug|x64
		{74784734-09BB-4C63-9E89-292E58F5EFE6}.Debug All|Win64_x64.Build.0 = Debug|x64
		{74784734-09BB-4C63-9E89-292E58F5EFE6}.Release All|Win32_x86.ActiveCfg = Release|x86
		{74784734-09BB-4C63-9E89-292E58F5EFE6}.Release All|Win32_x86.Build.0 = Release|x86
		{74784734-09BB-4C63-9E89-292E58F5EFE6}.Release All|Win64_x64.ActiveCfg = Release|x64
		{74784734-09BB-4C63-9E89-292E58F5EFE6}.Release All|Win64_x64.Build.0 = Release|x64
		{F1830522-604C-42B9-B7E6-27BA2C5E43AD}.Debug All|Win32_x86.ActiveCfg = Debug|x86
		{F1830522-604C-42B9-B7E6-27BA2C5E43AD}.Debug All|Win32_x86.Build.0 = Debug|x86
		{F1830522-604C-42B9-B7E6-27BA2C5E43AD}.Debug All|Win64_x64.ActiveCfg = Debug|x64
		{F1830522-604C-42B9-B7E6-27BA2C5E43AD}.Debug All|Win64_x64.Build.0 = Debug|x64
		{F1830522-604C-42B9-B7E6-27BA2C5E43AD}.Release All|Win32_x86.ActiveCfg = Release|x86
		{F1830522-604C-42B9-B7E6-27BA2C5E43AD}.Release All|Win32_x86.Build.0 = Release|x86
		{F1830522-604C-42B9-B7E6-27BA2C5E43AD}.Release All|Win64_x64.ActiveCfg = Release|x64
		{F1830522-604C-42B9-B7E6-27BA2C5E43AD}.Release All|Win64_x64.Build.0 = Release|x64
		{490C7210-7CBE-4E00-B1C9-A688D8FC97D2}.Debug All|Win32_x86.ActiveCfg = Debug|x86
		{490C7210-7CBE-4E00-B1C9-A688D8FC97D2}.Debug All|Win32_x86.Build.0 = Debug|x86
		{490C7210-7CBE-4E00-B1C9-A688D8FC97D2}.Debug All|Win64_x64.ActiveCfg = Debug|x64
		{490C7210-7CBE-4E00-B1C9-A688D8FC97D2}.Debug All|Win64_x64.Build.0 = Debug|x64
		{490C7210-7CBE-4E00-B1C9-A688D8FC97D2}.Release All|Win32_x86.ActiveCfg = Release|x86
		{490C7210-7CBE-4E00-B1C9-A688D8FC97D2}.Release All|Win32_x86.Build.0 = Release|x86
		{490C7210-7CBE-4E00-B1C9-A688D8FC97D2}.Release All|Win64_x64.ActiveCfg = Release|x64
		{490C7210-7CBE-4E00-B1C9-A688D8FC97D2}.Release All|Win64_x64.Build.0 = Release|x64
		{4BBCBFB6-8FBB-4D4C-8605-37F87363CC99}.Debug All|Win32_x86.ActiveCfg = Debug|x86
		{4BBCBFB6-8FBB-4D4C-8605-37F87363CC99}.Debug All|Win32_x86.Build.0 = Debug|x86
		{4BBCBFB6-8FBB-4D4C-8605-37F87363CC99}.Debug All|Win64_x64.ActiveCfg = Debug|x64
		{4BBCBFB6-8FBB-4D4C-8605-37F87363CC99}.Debug All|Win64_x64.Build.0 = Debug|x64
		{4BBCBFB6-8FBB-4D4C-8605-37F87363CC99}.Release All|Win32_x86.ActiveCfg = Release|x86
		{4BBCBFB6-8FBB-4D4C-8605-37F87363CC99}.Release All|Win32_x86.Build.0 = Release|x86
		{4BBCBFB6-8FBB-4D4C-8605-37F87363CC99}.Release All|Win64_x64.ActiveCfg = Release|x64
		{4BBCBFB6-8FBB-4D4C-8605-37F87363CC99}.Release All|Win64_x64.Build.0 = Release|x64
		{9695A91C-69FB-46D2-8BC6-B8DB4F811785}.Debug All|Win32_x86.ActiveCfg = Debug|x86
		{9695A91C-69FB-46D2-8BC6-B8DB4F811785}.Debug All|Win32_x86.Build.0 = Debug|x86
		{9695A91C-69FB-46D2-8BC6-B8DB4F811785}.Debug All|Win64_x64.ActiveCfg = Debug|x64
		{9695A91C-69FB-46D2-8BC6-B8DB4F811785}.Debug All|Win64_x64.Build.0 = Debug|x64
		{9695A91C-69FB-46D2-8BC6-B8DB4F811785}.Release All|Win32_x86.ActiveCfg = Release|x86
		{9695A91C-69FB-46D2-8BC6-B8DB4F811785}.Release All|Win32_x86.Build.0 = Release|x86
		{9695A91C-69FB-46D2-8BC6-B8DB4F811785}.Release All|Win64_x64.ActiveCfg = Release|x64
		{9695A91C-69FB-46D2-8BC6-B8DB4F811785}.Release All|Win64_x64.Build.0 = Release|x64
		{992C2D7D-3A3B-4FA2-BB45-ED3BC8635348}.Debug All|Win32_x86.ActiveCfg = Debug|x86
		{992C2D7D-3A3B-4FA2-BB45-ED3BC8635348}.Debug All|Win32_x86.Build.0 = Debug|x86
		{992C2D7D-3A3B-4FA2-BB45-ED3BC8635348}.Debug All|Win64_x64.ActiveCfg = Debug|x64
		{992C2D7D-3A3B-4FA2-BB45-ED3BC8635348}.Debug All|Win64_x64.Build.0 = Debug|x64
		{992C2D7D-3A3B-4FA2-BB45-ED3BC8635348}.Release All|Win32_x86.ActiveCfg = Release|x86
		{992C2D7D-3A3B-4FA2-BB45-ED3BC8635348}.Release All|Win32_x86.Build.0 = Release|x86
		{992C2D7D-3A3B-4FA2-BB45-ED3BC8635348}.Release All|Win64_x64.ActiveCfg = Release|x64
		{992C2D7D-3A3B-4FA2-BB45-ED3BC8635348}.Release All|Win64_x64.Build.0 = Release|x64
		{AAC93E3F-4361-4C39-83C5-FEF6721631CA}.Debug All|Win32_x86.ActiveCfg = Debug|x86
		{AAC93E3F-4361-4C39-83C5-FEF6721631CA}.Debug All|Win32_x86.Build.0 = Debug|x86
		{AAC93E3F-4361-4C39-83C5-FEF6721631CA}.Debug All|Win64_x64.ActiveCfg = Debug|x64
		{AAC93E3F-4361-4C39-83C5-FEF6721631CA}.Debug All|Win64_x64.Build.0 = Debug|x64
		{AAC93E3F-4361-4C39-83C5-FEF6721631CA}.Release All|Win32_x86.ActiveCfg = Release|x86
		{AAC93E3F-4361-4C39-83C5-FEF6721631CA}.Release All|Win32_x86.Build.0 = Release|x86
		{AAC93E3F-4361-4C39-83C5-FEF6721631CA}.Release All|Win64_x64.ActiveCfg = Release|x64
		{AAC93E3F-4361-4C39-83C5-FEF6721631CA}.Release All|Win64_x64.Build.0 = Release|x64
		{320352B3-805C-4386-8731-DD7CDA6E268D}.Debug All|Win32_x86.ActiveCfg = Debug|x86
		{320352B3-805C-4386-8731-DD7CDA6E268D}.Debug All|Win32_x86.Build.0 = Debug|x86
		{320352B3-805C-4386-8731-DD7CDA6E268D}.Debug All|Win64_x64.ActiveCfg = Debug|x64
		{320352B3-805C-4386-8731-DD7CDA6E268D}.Debug All|Win64_x64.Build.0 = Debug|x64
		{320352B3-805C-4386-8731-DD7CDA6E268D}.Release All|Win32_x86.ActiveCfg = Release|x86
		{320352B3-805C-4386-8731-DD7CDA6E268D}.Release All|Win32_x86.Build.0 = Release|x86
		{320352B3-805C-4386-8731-DD7CDA6E268D}.Release All|Win64_x64.ActiveCfg = Release|x64
		{320352B3-805C-4386-8731-DD7CDA6E268D}.Release All|Win64_x64.Build.0 = Release|x64
		{832EBD29-0771-4B10-B016-4C6495EDF9C8}.Debug All|Win32_x86.ActiveCfg = Debug|x86
		{832EBD29-0771-4B10-B016-4C6495EDF9C8}.Debug All|Win32_x86.Build.0 = Debug|x86
		{832EBD29-0771-4B10-B016-4C6495EDF9C8}.Debug All|Win64_x64.ActiveCfg = Debug|x64
		{832EBD29-0771-4B10-B016-4C6495EDF9C8}.Debug All|Win64_x64.Build.0 = Debug|x64
		{832EBD29-0771-4B10-B016-4C6495EDF9C8}.Release All|Win32_x86.ActiveCfg = Release|x86
		{832EBD29-0771-4B10-B016-4C6495EDF9C8}.Release All|Win32_x86.Build.0 = Release|x86
		{832EBD29-0771-4B10-B016-4C6495EDF9C8}.Release All|Win64_x64.ActiveCfg = Release|x64
		{832EBD29-0771-4B10-B016-4C6495EDF9C8}.Release All|Win64_x64.Build.0 = Release|x64
		{67CDFFCB-015B-4FAD-B58A-0BBE6C8855AF}.Debug All|Win32_x86.ActiveCfg = Debug|x86
		{67CDFFCB-015B-4FAD-B58A-0BBE6C8855AF}.Debug All|Win32_x86.Build.0 = Debug|x86
		{67CDFFCB-015B-4FAD-B58A-0BBE6C8855AF}.Debug All|Win64_x64.ActiveCfg = Debug|x64
		{67CDFFCB-015B-4FAD-B58A-0BBE6C8855AF}.Debug All|Win64_x64.Build.0 = Debug|x64
		{67CDFFCB-015B-4FAD-B58A-0BBE6C8855AF}.Release All|Win32_x86.ActiveCfg = Release|x86
		{67CDFFCB-015B-4FAD-B58A-0BBE6C8855AF}.Release All|Win32_x86.Build.0 = Release|x86
		{67CDFFCB-015B-4FAD-B58A-0BBE6C8855AF}.Release All|Win64_x64.ActiveCfg = Release|x64
		{67CDFFCB-015B-4FAD-B58A-0BBE6C8855AF}.Release All|Win64_x64.Build.0 = Release|x64
		{FD88C8A5-EE4D-4B57-8D05-973FFEF6BC34}.Debug All|Win32_x86.ActiveCfg = Debug|x86
		{FD88C8A5-EE4D-4B57-8D05-973FFEF6BC34}.Debug All|Win32_x86.Build.0 = Debug|x86
		{FD88C8A5-EE4D-4B57-8D05-973FFEF6BC34}.Debug All|Win64_x64.ActiveCfg = Debug|x64
		{FD88C8A5-EE4D-4B57-8D05-973FFEF6BC34}.Debug All|Win64_x64.Build.0 = Debug|x64
		{FD88C8A5-EE4D-4B57-8D05-973FFEF6BC34}.Release All|Win32_x86.ActiveCfg = Release|x86
		{FD88C8A5-EE4D-4B57-8D05-973FFEF6BC34}.Release All|Win32_x86.Build.0 = Release|x86
		{FD88C8A5-EE4D-4B57-8D05-973FFEF6BC34}.Release All|Win64_x64.ActiveCfg = Release|x64
		{FD88C8A5-EE4D-4B57-8D05-973FFEF6BC34}.Release All|Win64_x64.Build.0 = Release|x64
	EndGlobalSection
	GlobalSection(SolutionProperties) = preSolution
		HideSolutionNode = FALSE
	EndGlobalSection
	GlobalSection(NestedProjects) = preSolution
		{5FB6AA37-378F-4135-88B7-E2DB4259409B} = {1309CE4A-1050-45B9-B790-9F764C6C7C39}
		{C04CC198-0E72-4DA9-8F9B-4390AD267B56} = {1309CE4A-1050-45B9-B790-9F764C6C7C39}
		{78B0F68F-31F3-4181-A5A8-024BAD71FCF0} = {1309CE4A-1050-45B9-B790-9F764C6C7C39}
		{93D9E741-BC2D-4EAE-A579-923F6B2A2829} = {1309CE4A-1050-45B9-B790-9F764C6C7C39}
		{E1333813-4CE6-49B2-A6C7-448C729F5ED4} = {1309CE4A-1050-45B9-B790-9F764C6C7C39}
		{FB1C45DD-F005-42C4-A035-0230B1E88B76} = {1309CE4A-1050-45B9-B790-9F764C6C7C39}
		{450BD4DB-ADAD-4A0C-A1B3-3C2FA5B4ADD9} = {1309CE4A-1050-45B9-B790-9F764C6C7C39}
		{4593AE8F-2737-4A7D-BB76-B009F196C74C} = {2BA894D4-ABFA-4285-9ED6-02C6F5B0724D}
		{5889BE89-A3F9-4478-8B6F-5644A9D730A1} = {2BA894D4-ABFA-4285-9ED6-02C6F5B0724D}
		{B83E3931-BA97-462D-B836-3B9DB2401CA1} = {2BA894D4-ABFA-4285-9ED6-02C6F5B0724D}
		{7126C612-FA3F-4E76-B698-CF5742BE28E4} = {2BA894D4-ABFA-4285-9ED6-02C6F5B0724D}
		{F19C5705-964A-46FF-B6E2-3E7DF3FBB042} = {2BA894D4-ABFA-4285-9ED6-02C6F5B0724D}
		{D51998CD-8440-4E49-A6CD-BF29CD5E1B6F} = {2BA894D4-ABFA-4285-9ED6-02C6F5B0724D}
		{28C6794E-30DA-41BA-A1BE-27D7503761D2} = {2BA894D4-ABFA-4285-9ED6-02C6F5B0724D}
		{FECA7758-26C3-4C26-B976-02E78C6BDC23} = {2BA894D4-ABFA-4285-9ED6-02C6F5B0724D}
		{D8A4BE62-5535-4674-A000-5CE54F0820DE} = {2BA894D4-ABFA-4285-9ED6-02C6F5B0724D}
		{FCF836ED-7D1D-431B-9920-496A87DDAEEF} = {2BA894D4-ABFA-4285-9ED6-02C6F5B0724D}
		{78B0F68F-31F3-4181-A5A8-024BAD71FCFF} = {2BA894D4-ABFA-4285-9ED6-02C6F5B0724D}
		{9086A928-0C06-4188-99E1-58C2082A26B5} = {2BA894D4-ABFA-4285-9ED6-02C6F5B0724D}
		{450BD4DB-ADAD-4A0C-A1B3-3C2FA5B4ADD8} = {2BA894D4-ABFA-4285-9ED6-02C6F5B0724D}
		{D6CE4E0E-DF0B-4764-9D89-E503BCDED396} = {C945BB84-3771-4DC3-8FBC-EE95EFE490D9}
		{2410D464-95EB-41D9-866E-0D0E712B6DA2} = {C945BB84-3771-4DC3-8FBC-EE95EFE490D9}
		{2BA55B69-16FA-4F94-9F7A-F9474C45BDDC} = {C945BB84-3771-4DC3-8FBC-EE95EFE490D9}
		{E08B6701-874B-405D-A34C-04C15E268647} = {C945BB84-3771-4DC3-8FBC-EE95EFE490D9}
		{CD1542D2-3E8B-4AEC-8E06-BD8AEAB87C0F} = {C945BB84-3771-4DC3-8FBC-EE95EFE490D9}
		{199DE9D3-C052-48D7-AF1B-EB279945AEF8} = {C945BB84-3771-4DC3-8FBC-EE95EFE490D9}
		{0E683D97-C1B0-44B6-8D44-1AE03811EF5F} = {C945BB84-3771-4DC3-8FBC-EE95EFE490D9}
		{2DE25AE2-1986-4317-837B-82A5848D4D0B} = {C945BB84-3771-4DC3-8FBC-EE95EFE490D9}
		{CDE5ECB4-C278-4FAA-BD3E-D955AF8B9584} = {C945BB84-3771-4DC3-8FBC-EE95EFE490D9}
		{1E2CD758-9A16-48AA-B5CC-104D0FE688C5} = {C945BB84-3771-4DC3-8FBC-EE95EFE490D9}
		{79F1294D-EB91-4448-94C5-E18FBB4B1F24} = {C945BB84-3771-4DC3-8FBC-EE95EFE490D9}
		{383672C4-D1CC-46AD-9C62-C97492CF5834} = {220EBBB4-D690-469B-AC0A-E29842F69F7D}
		{F651B6CB-9128-4B49-95AA-7A4DDC2CFDF2} = {220EBBB4-D690-469B-AC0A-E29842F69F7D}
		{B113321F-5685-4606-8C30-71D579867377} = {220EBBB4-D690-469B-AC0A-E29842F69F7D}
		{94FE37BE-157D-496A-A116-65ADAF72A929} = {220EBBB4-D690-469B-AC0A-E29842F69F7D}
		{0096C66C-0838-46E0-8478-B683F3A99C0D} = {220EBBB4-D690-469B-AC0A-E29842F69F7D}
		{4CF406CA-B65F-43B0-B3CA-B53854B37D45} = {220EBBB4-D690-469B-AC0A-E29842F69F7D}
		{74784734-09BB-4C63-9E89-292E58F5EFE6} = {220EBBB4-D690-469B-AC0A-E29842F69F7D}
		{F1830522-604C-42B9-B7E6-27BA2C5E43AD} = {CB70DAD6-5B60-42C8-B65E-A54E2A9B330D}
		{490C7210-7CBE-4E00-B1C9-A688D8FC97D2} = {CB70DAD6-5B60-42C8-B65E-A54E2A9B330D}
		{4BBCBFB6-8FBB-4D4C-8605-37F87363CC99} = {CB70DAD6-5B60-42C8-B65E-A54E2A9B330D}
		{9695A91C-69FB-46D2-8BC6-B8DB4F811785} = {CB70DAD6-5B60-42C8-B65E-A54E2A9B330D}
		{992C2D7D-3A3B-4FA2-BB45-ED3BC8635348} = {CB70DAD6-5B60-42C8-B65E-A54E2A9B330D}
		{AAC93E3F-4361-4C39-83C5-FEF6721631CA} = {0BAFF0FE-3F3E-4D21-9AB2-BDB3582214EB}
		{320352B3-805C-4386-8731-DD7CDA6E268D} = {0BAFF0FE-3F3E-4D21-9AB2-BDB3582214EB}
		{832EBD29-0771-4B10-B016-4C6495EDF9C8} = {0BAFF0FE-3F3E-4D21-9AB2-BDB3582214EB}
		{67CDFFCB-015B-4FAD-B58A-0BBE6C8855AF} = {0BAFF0FE-3F3E-4D21-9AB2-BDB3582214EB}
		{FD88C8A5-EE4D-4B57-8D05-973FFEF6BC34} = {0BAFF0FE-3F3E-4D21-9AB2-BDB3582214EB}
	EndGlobalSection
EndGlobal
