
Microsoft Visual Studio Solution File, Format Version 12.00
# Visual Studio 2012
Project("{8BC9CEB8-8B4A-11D0-8D11-00A0C91BC942}") = "SendTask", "SendTask\SendTask.vs2012.vcxproj", "{93A4FE70-E17D-40F9-AA9B-1ED6F516FAC5}"
EndProject
Project("{8BC9CEB8-8B4A-11D0-8D11-00A0C91BC942}") = "ServerAdmin", "ServerAdmin\ServerAdmin.vs2012.vcxproj", "{CE4115B9-B8C5-4D68-8A99-5551EBE4A145}"
EndProject
Project("{8BC9CEB8-8B4A-11D0-8D11-00A0C91BC942}") = "ServerDatabase", "ServerDatabase\ServerDatabase.vs2012.vcxproj", "{B7DE13E5-D253-4E4B-90E8-986BEF24DF03}"
EndProject
Project("{8BC9CEB8-8B4A-11D0-8D11-00A0C91BC942}") = "ServerStatus", "ServerStatus\ServerStatus.vs2012.vcxproj", "{20051C5E-04E6-4445-81DF-D4A17AECEFA8}"
EndProject
Global
	GlobalSection(SolutionConfigurationPlatforms) = preSolution
		Debug|Win32_x86 = Debug|Win32_x86
		Debug|Win64_x64 = Debug|Win64_x64
		Release|Win32_x86 = Release|Win32_x86
		Release|Win64_x64 = Release|Win64_x64
	EndGlobalSection
	GlobalSection(ProjectConfigurationPlatforms) = postSolution
		{93A4FE70-E17D-40F9-AA9B-1ED6F516FAC5}.Debug|Win32_x86.ActiveCfg = Debug|Win32
		{93A4FE70-E17D-40F9-AA9B-1ED6F516FAC5}.Debug|Win32_x86.Build.0 = Debug|Win32
		{93A4FE70-E17D-40F9-AA9B-1ED6F516FAC5}.Debug|Win64_x64.ActiveCfg = Debug|x64
		{93A4FE70-E17D-40F9-AA9B-1ED6F516FAC5}.Debug|Win64_x64.Build.0 = Debug|x64
		{93A4FE70-E17D-40F9-AA9B-1ED6F516FAC5}.Release|Win32_x86.ActiveCfg = Release|Win32
		{93A4FE70-E17D-40F9-AA9B-1ED6F516FAC5}.Release|Win32_x86.Build.0 = Release|Win32
		{93A4FE70-E17D-40F9-AA9B-1ED6F516FAC5}.Release|Win64_x64.ActiveCfg = Release|x64
		{93A4FE70-E17D-40F9-AA9B-1ED6F516FAC5}.Release|Win64_x64.Build.0 = Release|x64
		{CE4115B9-B8C5-4D68-8A99-5551EBE4A145}.Debug|Win32_x86.ActiveCfg = Debug|Win32
		{CE4115B9-B8C5-4D68-8A99-5551EBE4A145}.Debug|Win32_x86.Build.0 = Debug|Win32
		{CE4115B9-B8C5-4D68-8A99-5551EBE4A145}.Debug|Win64_x64.ActiveCfg = Debug|x64
		{CE4115B9-B8C5-4D68-8A99-5551EBE4A145}.Debug|Win64_x64.Build.0 = Debug|x64
		{CE4115B9-B8C5-4D68-8A99-5551EBE4A145}.Release|Win32_x86.ActiveCfg = Release|Win32
		{CE4115B9-B8C5-4D68-8A99-5551EBE4A145}.Release|Win32_x86.Build.0 = Release|Win32
		{CE4115B9-B8C5-4D68-8A99-5551EBE4A145}.Release|Win64_x64.ActiveCfg = Release|x64
		{CE4115B9-B8C5-4D68-8A99-5551EBE4A145}.Release|Win64_x64.Build.0 = Release|x64
		{B7DE13E5-D253-4E4B-90E8-986BEF24DF03}.Debug|Win32_x86.ActiveCfg = Debug|Win32
		{B7DE13E5-D253-4E4B-90E8-986BEF24DF03}.Debug|Win32_x86.Build.0 = Debug|Win32
		{B7DE13E5-D253-4E4B-90E8-986BEF24DF03}.Debug|Win64_x64.ActiveCfg = Debug|x64
		{B7DE13E5-D253-4E4B-90E8-986BEF24DF03}.Debug|Win64_x64.Build.0 = Debug|x64
		{B7DE13E5-D253-4E4B-90E8-986BEF24DF03}.Release|Win32_x86.ActiveCfg = Release|Win32
		{B7DE13E5-D253-4E4B-90E8-986BEF24DF03}.Release|Win32_x86.Build.0 = Release|Win32
		{B7DE13E5-D253-4E4B-90E8-986BEF24DF03}.Release|Win64_x64.ActiveCfg = Release|x64
		{B7DE13E5-D253-4E4B-90E8-986BEF24DF03}.Release|Win64_x64.Build.0 = Release|x64
		{20051C5E-04E6-4445-81DF-D4A17AECEFA8}.Debug|Win32_x86.ActiveCfg = Debug|Win32
		{20051C5E-04E6-4445-81DF-D4A17AECEFA8}.Debug|Win32_x86.Build.0 = Debug|Win32
		{20051C5E-04E6-4445-81DF-D4A17AECEFA8}.Debug|Win64_x64.ActiveCfg = Debug|x64
		{20051C5E-04E6-4445-81DF-D4A17AECEFA8}.Debug|Win64_x64.Build.0 = Debug|x64
		{20051C5E-04E6-4445-81DF-D4A17AECEFA8}.Release|Win32_x86.ActiveCfg = Release|Win32
		{20051C5E-04E6-4445-81DF-D4A17AECEFA8}.Release|Win32_x86.Build.0 = Release|Win32
		{20051C5E-04E6-4445-81DF-D4A17AECEFA8}.Release|Win64_x64.ActiveCfg = Release|x64
		{20051C5E-04E6-4445-81DF-D4A17AECEFA8}.Release|Win64_x64.Build.0 = Release|x64
	EndGlobalSection
	GlobalSection(SolutionProperties) = preSolution
		HideSolutionNode = FALSE
	EndGlobalSection
EndGlobal
