
Microsoft Visual Studio Solution File, Format Version 10.00
# Visual Studio 2008
Project("{2150E333-8FDC-42A3-9474-1A3956D46DE8}") = "Common", "Common", "{743BC11A-50A0-47E4-96DF-62CC74AF95B7}"
EndProject
Project("{2150E333-8FDC-42A3-9474-1A3956D46DE8}") = "Faces", "Faces", "{A1216C13-9D69-43E5-A11D-8CD13044EC3F}"
EndProject
Project("{2150E333-8FDC-42A3-9474-1A3956D46DE8}") = "Fingers", "Fingers", "{AC5A472C-A88B-4759-9382-4E104667C79C}"
EndProject
Project("{2150E333-8FDC-42A3-9474-1A3956D46DE8}") = "Irises", "Irises", "{27DE4434-5C65-45A7-A097-EEAD102B116E}"
EndProject
Project("{2150E333-8FDC-42A3-9474-1A3956D46DE8}") = "Palms", "Palms", "{52B7F335-5D7D-4D77-9747-087DB306D475}"
EndProject
Project("{2150E333-8FDC-42A3-9474-1A3956D46DE8}") = "Voices", "Voices", "{3B7F90E7-756E-4713-8CFF-2FC4F4CFD563}"
EndProject
Project("{F184B08F-C81C-45F6-A57F-5ABD9991F28F}") = "EnrollToServerVB", "EnrollToServerVB\EnrollToServerVB.vs2008.vbproj", "{F661A46E-C3D3-4267-BC35-9621B039FE04}"
EndProject
Project("{F184B08F-C81C-45F6-A57F-5ABD9991F28F}") = "EnrollToSQLiteDatabaseVB", "EnrollToSQLiteDatabaseVB\EnrollToSQLiteDatabaseVB.vs2008.vbproj", "{2B55B841-8271-41A1-B4F6-3BB5FAE5162B}"
EndProject
Project("{F184B08F-C81C-45F6-A57F-5ABD9991F28F}") = "IdentifyOnServerVB", "IdentifyOnServerVB\IdentifyOnServerVB.vs2008.vbproj", "{CF51EEFF-F496-4456-94A0-2A9CA93611C7}"
EndProject
Project("{F184B08F-C81C-45F6-A57F-5ABD9991F28F}") = "IdentifyOnSQLiteDatabaseVB", "IdentifyOnSQLiteDatabaseVB\IdentifyOnSQLiteDatabaseVB.vs2008.vbproj", "{31A8BC8F-2552-4740-B93F-7BF125F3394E}"
EndProject
Project("{F184B08F-C81C-45F6-A57F-5ABD9991F28F}") = "IdentifyVB", "IdentifyVB\IdentifyVB.vs2008.vbproj", "{78B0F68F-31F3-4181-A5A8-024BAD71FCF0}"
EndProject
Project("{F184B08F-C81C-45F6-A57F-5ABD9991F28F}") = "ShowTemplateContentVB", "ShowTemplateContentVB\ShowTemplateContentVB.vs2008.vbproj", "{FB1C45DD-F005-42C4-A035-0230B1E88B76}"
EndProject
Project("{F184B08F-C81C-45F6-A57F-5ABD9991F28F}") = "VerifyVB", "VerifyVB\VerifyVB.vs2008.vbproj", "{450BD4DB-ADAD-4A0C-A1B3-3C2FA5B4ADD9}"
EndProject
Project("{F184B08F-C81C-45F6-A57F-5ABD9991F28F}") = "CreateFaceTemplateOnServerVB", "CreateFaceTemplateOnServerVB\CreateFaceTemplateOnServerVB.vs2008.vbproj", "{D68A0EA7-1CB9-432F-8DE5-2CD7695595F2}"
EndProject
Project("{F184B08F-C81C-45F6-A57F-5ABD9991F28F}") = "CreateMultiFaceTemplateVB", "CreateMultiFaceTemplateVB\CreateMultiFaceTemplateVB.vs2008.vbproj", "{5889BE89-A3F9-4478-8B6F-5644A9D730A1}"
EndProject
Project("{F184B08F-C81C-45F6-A57F-5ABD9991F28F}") = "CreateTokenFaceImageVB", "CreateTokenFaceImageVB\CreateTokenFaceImageVB.vs2008.vbproj", "{B83E3931-BA97-462D-B836-3B9DB2401CA1}"
EndProject
Project("{F184B08F-C81C-45F6-A57F-5ABD9991F28F}") = "DetectFacialFeaturesFromCameraVB", "DetectFacialFeaturesFromCameraVB\DetectFacialFeaturesFromCameraVB.vs2008.vbproj", "{DAB5EFC3-6525-4A5B-AA57-B8005ABCC530}"
EndProject
Project("{F184B08F-C81C-45F6-A57F-5ABD9991F28F}") = "DetectFacialFeaturesFromImageStreamVB", "DetectFacialFeaturesFromImageStreamVB\DetectFacialFeaturesFromImageStreamVB.vs2008.vbproj", "{AD846A5E-ECAE-4798-8665-C38BBA6826B1}"
EndProject
Project("{F184B08F-C81C-45F6-A57F-5ABD9991F28F}") = "DetectFacialFeaturesVB", "DetectFacialFeaturesVB\DetectFacialFeaturesVB.vs2008.vbproj", "{7126C612-FA3F-4E76-B698-CF5742BE28E4}"
EndProject
Project("{F184B08F-C81C-45F6-A57F-5ABD9991F28F}") = "EnrollFaceFromCameraVB", "EnrollFaceFromCameraVB\EnrollFaceFromCameraVB.vs2008.vbproj", "{28C6794E-30DA-41BA-A1BE-27D7503761D2}"
EndProject
Project("{F184B08F-C81C-45F6-A57F-5ABD9991F28F}") = "EnrollFaceFromFileVB", "EnrollFaceFromFileVB\EnrollFaceFromFileVB.vs2008.vbproj", "{FECA7758-26C3-4C26-B976-02E78C6BDC23}"
EndProject
Project("{F184B08F-C81C-45F6-A57F-5ABD9991F28F}") = "EnrollFaceFromImageStreamVB", "EnrollFaceFromImageStreamVB\EnrollFaceFromImageStreamVB.vs2008.vbproj", "{3CAB5D54-E26C-486D-B994-92953A7EAE4B}"
EndProject
Project("{F184B08F-C81C-45F6-A57F-5ABD9991F28F}") = "GeneralizeFaceVB", "GeneralizeFaceVB\GeneralizeFaceVB.vs2008.vbproj", "{49FBA85F-77D4-4C3A-BB5F-4F7288A90FFD}"
EndProject
Project("{F184B08F-C81C-45F6-A57F-5ABD9991F28F}") = "IdentifyFaceVB", "IdentifyFaceVB\IdentifyFaceVB.vs2008.vbproj", "{78B0F68F-31F3-4181-A5A8-024BAD71FCFF}"
EndProject
Project("{F184B08F-C81C-45F6-A57F-5ABD9991F28F}") = "MatchMultipleFacesVB", "MatchMultipleFacesVB\MatchMultipleFacesVB.vs2008.vbproj", "{9086A928-0C06-4188-99E1-58C2082A26B5}"
EndProject
Project("{F184B08F-C81C-45F6-A57F-5ABD9991F28F}") = "VerifyFaceVB", "VerifyFaceVB\VerifyFaceVB.vs2008.vbproj", "{450BD4DB-ADAD-4A0C-A1B3-3C2FA5B4ADD8}"
EndProject
Project("{F184B08F-C81C-45F6-A57F-5ABD9991F28F}") = "ClassifyFingerVB", "ClassifyFingerVB\ClassifyFingerVB.vs2008.vbproj", "{D6CE4E0E-DF0B-4764-9D89-E503BCDED396}"
EndProject
Project("{F184B08F-C81C-45F6-A57F-5ABD9991F28F}") = "CreateFingerTemplateOnServerVB", "CreateFingerTemplateOnServerVB\CreateFingerTemplateOnServerVB.vs2008.vbproj", "{EADEBA0C-D538-4A9A-9DBD-13A6BC6BDC91}"
EndProject
Project("{F184B08F-C81C-45F6-A57F-5ABD9991F28F}") = "CreateMultiFingerTemplateVB", "CreateMultiFingerTemplateVB\CreateMultiFingerTemplateVB.vs2008.vbproj", "{56D69563-2D8C-4710-9191-26C2413428AB}"
EndProject
Project("{F184B08F-C81C-45F6-A57F-5ABD9991F28F}") = "DrawMinutiaeOnImageVB", "DrawMinutiaeOnImageVB\DrawMinutiaeOnImageVB.vs2008.vbproj", "{5AE0E69E-B4E8-467D-AE92-E3A0CD189DE7}"
EndProject
Project("{F184B08F-C81C-45F6-A57F-5ABD9991F28F}") = "EnrollFingerFromImageVB", "EnrollFingerFromImageVB\EnrollFingerFromImageVB.vs2008.vbproj", "{CD1542D2-3E8B-4AEC-8E06-BD8AEAB87C0F}"
EndProject
Project("{F184B08F-C81C-45F6-A57F-5ABD9991F28F}") = "EnrollFingerFromScannerVB", "EnrollFingerFromScannerVB\EnrollFingerFromScannerVB.vs2008.vbproj", "{199DE9D3-C052-48D7-AF1B-EB279945AEF8}"
EndProject
Project("{F184B08F-C81C-45F6-A57F-5ABD9991F28F}") = "EvaluateFingerQualityVB", "EvaluateFingerQualityVB\EvaluateFingerQualityVB.vs2008.vbproj", "{0E683D97-C1B0-44B6-8D44-1AE03811EF5F}"
EndProject
Project("{F184B08F-C81C-45F6-A57F-5ABD9991F28F}") = "GeneralizeFingerVB", "GeneralizeFingerVB\GeneralizeFingerVB.vs2008.vbproj", "{72F41155-1F68-4F27-A9DB-9AB3CEB6077B}"
EndProject
Project("{F184B08F-C81C-45F6-A57F-5ABD9991F28F}") = "IdentifyFingerVB", "IdentifyFingerVB\IdentifyFingerVB.vs2008.vbproj", "{CDE5ECB4-C278-4FAA-BD3E-D955AF8B9584}"
EndProject
Project("{F184B08F-C81C-45F6-A57F-5ABD9991F28F}") = "SegmentFingersVB", "SegmentFingersVB\SegmentFingersVB.vs2008.vbproj", "{F4C8FD67-19B7-4A24-9968-272DB0A8F6B8}"
EndProject
Project("{F184B08F-C81C-45F6-A57F-5ABD9991F28F}") = "VerifyFingerVB", "VerifyFingerVB\VerifyFingerVB.vs2008.vbproj", "{79F1294D-EB91-4448-94C5-E18FBB4B1F24}"
EndProject
Project("{F184B08F-C81C-45F6-A57F-5ABD9991F28F}") = "CreateIrisTemplateOnServerVB", "CreateIrisTemplateOnServerVB\CreateIrisTemplateOnServerVB.vs2008.vbproj", "{85F484FC-C0B9-47CD-B563-314E32F41868}"
EndProject
Project("{F184B08F-C81C-45F6-A57F-5ABD9991F28F}") = "CreateTwoIrisTemplateVB", "CreateTwoIrisTemplateVB\CreateTwoIrisTemplateVB.vs2008.vbproj", "{F651B6CB-9128-4B49-95AA-7A4DDC2CFDF2}"
EndProject
Project("{F184B08F-C81C-45F6-A57F-5ABD9991F28F}") = "EnrollIrisFromImageVB", "EnrollIrisFromImageVB\EnrollIrisFromImageVB.vs2008.vbproj", "{BEDB39D5-6DDA-4DF1-84A8-3049ABA865F1}"
EndProject
Project("{F184B08F-C81C-45F6-A57F-5ABD9991F28F}") = "EnrollIrisFromScannerVB", "EnrollIrisFromScannerVB\EnrollIrisFromScannerVB.vs2008.vbproj", "{94FE37BE-157D-496A-A116-65ADAF72A929}"
EndProject
Project("{F184B08F-C81C-45F6-A57F-5ABD9991F28F}") = "IdentifyIrisVB", "IdentifyIrisVB\IdentifyIrisVB.vs2008.vbproj", "{80EE6DE3-67B2-43F5-9DA4-74F2DAC6FD86}"
EndProject
Project("{F184B08F-C81C-45F6-A57F-5ABD9991F28F}") = "SegmentIrisVB", "SegmentIrisVB\SegmentIrisVB.vs2008.vbproj", "{DA15BEB3-9C5A-45A8-A03A-C0C6E7A7EDD2}"
EndProject
Project("{F184B08F-C81C-45F6-A57F-5ABD9991F28F}") = "VerifyIrisVB", "VerifyIrisVB\VerifyIrisVB.vs2008.vbproj", "{33C8844E-B693-47F4-9624-1BDD116AE162}"
EndProject
Project("{F184B08F-C81C-45F6-A57F-5ABD9991F28F}") = "CreatePalmTemplateOnServerVB", "CreatePalmTemplateOnServerVB\CreatePalmTemplateOnServerVB.vs2008.vbproj", "{8E374052-8307-4D27-98D3-01895F2CCD74}"
EndProject
Project("{F184B08F-C81C-45F6-A57F-5ABD9991F28F}") = "EnrollPalmFromImageVB", "EnrollPalmFromImageVB\EnrollPalmFromImageVB.vs2008.vbproj", "{60ADEAD9-A7E8-491C-82F0-3144A38D39E6}"
EndProject
Project("{F184B08F-C81C-45F6-A57F-5ABD9991F28F}") = "GeneralizePalmVB", "GeneralizePalmVB\GeneralizePalmVB.vs2008.vbproj", "{BE7AF677-C56C-406A-99F7-DB0AFAD9F8C3}"
EndProject
Project("{F184B08F-C81C-45F6-A57F-5ABD9991F28F}") = "IdentifyPalmVB", "IdentifyPalmVB\IdentifyPalmVB.vs2008.vbproj", "{F7E3140C-D343-45C1-A5B1-2C64503240BA}"
EndProject
Project("{F184B08F-C81C-45F6-A57F-5ABD9991F28F}") = "VerifyPalmVB", "VerifyPalmVB\VerifyPalmVB.vs2008.vbproj", "{59F88E86-049D-416C-887A-9F2D8EBB7BBB}"
EndProject
Project("{F184B08F-C81C-45F6-A57F-5ABD9991F28F}") = "CreateVoiceTemplateOnServerVB", "CreateVoiceTemplateOnServerVB\CreateVoiceTemplateOnServerVB.vs2008.vbproj", "{DC3517AE-A4EE-4DBE-BD5B-DC49172EF053}"
EndProject
Project("{F184B08F-C81C-45F6-A57F-5ABD9991F28F}") = "EnrollVoiceFromAudioFileVB", "EnrollVoiceFromAudioFileVB\EnrollVoiceFromAudioFileVB.vs2008.vbproj", "{320352B3-805C-4386-8731-DD7CDA6E268D}"
EndProject
Project("{F184B08F-C81C-45F6-A57F-5ABD9991F28F}") = "EnrollVoiceFromMicrophoneVB", "EnrollVoiceFromMicrophoneVB\EnrollVoiceFromMicrophoneVB.vs2008.vbproj", "{832EBD29-0771-4B10-B016-4C6495EDF9C8}"
EndProject
Project("{F184B08F-C81C-45F6-A57F-5ABD9991F28F}") = "IdentifyVoiceVB", "IdentifyVoiceVB\IdentifyVoiceVB.vs2008.vbproj", "{6529DBB3-2EEB-4361-8A1E-CD31875B8EFC}"
EndProject
Project("{F184B08F-C81C-45F6-A57F-5ABD9991F28F}") = "VerifyVoiceVB", "VerifyVoiceVB\VerifyVoiceVB.vs2008.vbproj", "{A99CCB68-3080-403D-AD2A-786252E5AB06}"
EndProject
Global
	GlobalSection(SolutionConfigurationPlatforms) = preSolution
		Debug All|Win32_x86 = Debug All|Win32_x86
		Debug All|Win64_x64 = Debug All|Win64_x64
		Release All|Win32_x86 = Release All|Win32_x86
		Release All|Win64_x64 = Release All|Win64_x64
	EndGlobalSection
	GlobalSection(ProjectConfigurationPlatforms) = postSolution
		{F661A46E-C3D3-4267-BC35-9621B039FE04}.Debug All|Win32_x86.ActiveCfg = Debug|x86
		{F661A46E-C3D3-4267-BC35-9621B039FE04}.Debug All|Win32_x86.Build.0 = Debug|x86
		{F661A46E-C3D3-4267-BC35-9621B039FE04}.Debug All|Win64_x64.ActiveCfg = Debug|x64
		{F661A46E-C3D3-4267-BC35-9621B039FE04}.Debug All|Win64_x64.Build.0 = Debug|x64
		{F661A46E-C3D3-4267-BC35-9621B039FE04}.Release All|Win32_x86.ActiveCfg = Release|x86
		{F661A46E-C3D3-4267-BC35-9621B039FE04}.Release All|Win32_x86.Build.0 = Release|x86
		{F661A46E-C3D3-4267-BC35-9621B039FE04}.Release All|Win64_x64.ActiveCfg = Release|x64
		{F661A46E-C3D3-4267-BC35-9621B039FE04}.Release All|Win64_x64.Build.0 = Release|x64
		{2B55B841-8271-41A1-B4F6-3BB5FAE5162B}.Debug All|Win32_x86.ActiveCfg = Debug|x86
		{2B55B841-8271-41A1-B4F6-3BB5FAE5162B}.Debug All|Win32_x86.Build.0 = Debug|x86
		{2B55B841-8271-41A1-B4F6-3BB5FAE5162B}.Debug All|Win64_x64.ActiveCfg = Debug|x64
		{2B55B841-8271-41A1-B4F6-3BB5FAE5162B}.Debug All|Win64_x64.Build.0 = Debug|x64
		{2B55B841-8271-41A1-B4F6-3BB5FAE5162B}.Release All|Win32_x86.ActiveCfg = Release|x86
		{2B55B841-8271-41A1-B4F6-3BB5FAE5162B}.Release All|Win32_x86.Build.0 = Release|x86
		{2B55B841-8271-41A1-B4F6-3BB5FAE5162B}.Release All|Win64_x64.ActiveCfg = Release|x64
		{2B55B841-8271-41A1-B4F6-3BB5FAE5162B}.Release All|Win64_x64.Build.0 = Release|x64
		{CF51EEFF-F496-4456-94A0-2A9CA93611C7}.Debug All|Win32_x86.ActiveCfg = Debug|x86
		{CF51EEFF-F496-4456-94A0-2A9CA93611C7}.Debug All|Win32_x86.Build.0 = Debug|x86
		{CF51EEFF-F496-4456-94A0-2A9CA93611C7}.Debug All|Win64_x64.ActiveCfg = Debug|x64
		{CF51EEFF-F496-4456-94A0-2A9CA93611C7}.Debug All|Win64_x64.Build.0 = Debug|x64
		{CF51EEFF-F496-4456-94A0-2A9CA93611C7}.Release All|Win32_x86.ActiveCfg = Release|x86
		{CF51EEFF-F496-4456-94A0-2A9CA93611C7}.Release All|Win32_x86.Build.0 = Release|x86
		{CF51EEFF-F496-4456-94A0-2A9CA93611C7}.Release All|Win64_x64.ActiveCfg = Release|x64
		{CF51EEFF-F496-4456-94A0-2A9CA93611C7}.Release All|Win64_x64.Build.0 = Release|x64
		{31A8BC8F-2552-4740-B93F-7BF125F3394E}.Debug All|Win32_x86.ActiveCfg = Debug|x86
		{31A8BC8F-2552-4740-B93F-7BF125F3394E}.Debug All|Win32_x86.Build.0 = Debug|x86
		{31A8BC8F-2552-4740-B93F-7BF125F3394E}.Debug All|Win64_x64.ActiveCfg = Debug|x64
		{31A8BC8F-2552-4740-B93F-7BF125F3394E}.Debug All|Win64_x64.Build.0 = Debug|x64
		{31A8BC8F-2552-4740-B93F-7BF125F3394E}.Release All|Win32_x86.ActiveCfg = Release|x86
		{31A8BC8F-2552-4740-B93F-7BF125F3394E}.Release All|Win32_x86.Build.0 = Release|x86
		{31A8BC8F-2552-4740-B93F-7BF125F3394E}.Release All|Win64_x64.ActiveCfg = Release|x64
		{31A8BC8F-2552-4740-B93F-7BF125F3394E}.Release All|Win64_x64.Build.0 = Release|x64
		{78B0F68F-31F3-4181-A5A8-024BAD71FCF0}.Debug All|Win32_x86.ActiveCfg = Debug|x86
		{78B0F68F-31F3-4181-A5A8-024BAD71FCF0}.Debug All|Win32_x86.Build.0 = Debug|x86
		{78B0F68F-31F3-4181-A5A8-024BAD71FCF0}.Debug All|Win64_x64.ActiveCfg = Debug|x64
		{78B0F68F-31F3-4181-A5A8-024BAD71FCF0}.Debug All|Win64_x64.Build.0 = Debug|x64
		{78B0F68F-31F3-4181-A5A8-024BAD71FCF0}.Release All|Win32_x86.ActiveCfg = Release|x86
		{78B0F68F-31F3-4181-A5A8-024BAD71FCF0}.Release All|Win32_x86.Build.0 = Release|x86
		{78B0F68F-31F3-4181-A5A8-024BAD71FCF0}.Release All|Win64_x64.ActiveCfg = Release|x64
		{78B0F68F-31F3-4181-A5A8-024BAD71FCF0}.Release All|Win64_x64.Build.0 = Release|x64
		{FB1C45DD-F005-42C4-A035-0230B1E88B76}.Debug All|Win32_x86.ActiveCfg = Debug|x86
		{FB1C45DD-F005-42C4-A035-0230B1E88B76}.Debug All|Win32_x86.Build.0 = Debug|x86
		{FB1C45DD-F005-42C4-A035-0230B1E88B76}.Debug All|Win64_x64.ActiveCfg = Debug|x64
		{FB1C45DD-F005-42C4-A035-0230B1E88B76}.Debug All|Win64_x64.Build.0 = Debug|x64
		{FB1C45DD-F005-42C4-A035-0230B1E88B76}.Release All|Win32_x86.ActiveCfg = Release|x86
		{FB1C45DD-F005-42C4-A035-0230B1E88B76}.Release All|Win32_x86.Build.0 = Release|x86
		{FB1C45DD-F005-42C4-A035-0230B1E88B76}.Release All|Win64_x64.ActiveCfg = Release|x64
		{FB1C45DD-F005-42C4-A035-0230B1E88B76}.Release All|Win64_x64.Build.0 = Release|x64
		{450BD4DB-ADAD-4A0C-A1B3-3C2FA5B4ADD9}.Debug All|Win32_x86.ActiveCfg = Debug|x86
		{450BD4DB-ADAD-4A0C-A1B3-3C2FA5B4ADD9}.Debug All|Win32_x86.Build.0 = Debug|x86
		{450BD4DB-ADAD-4A0C-A1B3-3C2FA5B4ADD9}.Debug All|Win64_x64.ActiveCfg = Debug|x64
		{450BD4DB-ADAD-4A0C-A1B3-3C2FA5B4ADD9}.Debug All|Win64_x64.Build.0 = Debug|x64
		{450BD4DB-ADAD-4A0C-A1B3-3C2FA5B4ADD9}.Release All|Win32_x86.ActiveCfg = Release|x86
		{450BD4DB-ADAD-4A0C-A1B3-3C2FA5B4ADD9}.Release All|Win32_x86.Build.0 = Release|x86
		{450BD4DB-ADAD-4A0C-A1B3-3C2FA5B4ADD9}.Release All|Win64_x64.ActiveCfg = Release|x64
		{450BD4DB-ADAD-4A0C-A1B3-3C2FA5B4ADD9}.Release All|Win64_x64.Build.0 = Release|x64
		{D68A0EA7-1CB9-432F-8DE5-2CD7695595F2}.Debug All|Win32_x86.ActiveCfg = Debug|x86
		{D68A0EA7-1CB9-432F-8DE5-2CD7695595F2}.Debug All|Win32_x86.Build.0 = Debug|x86
		{D68A0EA7-1CB9-432F-8DE5-2CD7695595F2}.Debug All|Win64_x64.ActiveCfg = Debug|x64
		{D68A0EA7-1CB9-432F-8DE5-2CD7695595F2}.Debug All|Win64_x64.Build.0 = Debug|x64
		{D68A0EA7-1CB9-432F-8DE5-2CD7695595F2}.Release All|Win32_x86.ActiveCfg = Release|x86
		{D68A0EA7-1CB9-432F-8DE5-2CD7695595F2}.Release All|Win32_x86.Build.0 = Release|x86
		{D68A0EA7-1CB9-432F-8DE5-2CD7695595F2}.Release All|Win64_x64.ActiveCfg = Release|x64
		{D68A0EA7-1CB9-432F-8DE5-2CD7695595F2}.Release All|Win64_x64.Build.0 = Release|x64
		{5889BE89-A3F9-4478-8B6F-5644A9D730A1}.Debug All|Win32_x86.ActiveCfg = Debug|x86
		{5889BE89-A3F9-4478-8B6F-5644A9D730A1}.Debug All|Win32_x86.Build.0 = Debug|x86
		{5889BE89-A3F9-4478-8B6F-5644A9D730A1}.Debug All|Win64_x64.ActiveCfg = Debug|x64
		{5889BE89-A3F9-4478-8B6F-5644A9D730A1}.Debug All|Win64_x64.Build.0 = Debug|x64
		{5889BE89-A3F9-4478-8B6F-5644A9D730A1}.Release All|Win32_x86.ActiveCfg = Release|x86
		{5889BE89-A3F9-4478-8B6F-5644A9D730A1}.Release All|Win32_x86.Build.0 = Release|x86
		{5889BE89-A3F9-4478-8B6F-5644A9D730A1}.Release All|Win64_x64.ActiveCfg = Release|x64
		{5889BE89-A3F9-4478-8B6F-5644A9D730A1}.Release All|Win64_x64.Build.0 = Release|x64
		{B83E3931-BA97-462D-B836-3B9DB2401CA1}.Debug All|Win32_x86.ActiveCfg = Debug|x86
		{B83E3931-BA97-462D-B836-3B9DB2401CA1}.Debug All|Win32_x86.Build.0 = Debug|x86
		{B83E3931-BA97-462D-B836-3B9DB2401CA1}.Debug All|Win64_x64.ActiveCfg = Debug|x64
		{B83E3931-BA97-462D-B836-3B9DB2401CA1}.Debug All|Win64_x64.Build.0 = Debug|x64
		{B83E3931-BA97-462D-B836-3B9DB2401CA1}.Release All|Win32_x86.ActiveCfg = Release|x86
		{B83E3931-BA97-462D-B836-3B9DB2401CA1}.Release All|Win32_x86.Build.0 = Release|x86
		{B83E3931-BA97-462D-B836-3B9DB2401CA1}.Release All|Win64_x64.ActiveCfg = Release|x64
		{B83E3931-BA97-462D-B836-3B9DB2401CA1}.Release All|Win64_x64.Build.0 = Release|x64
		{DAB5EFC3-6525-4A5B-AA57-B8005ABCC530}.Debug All|Win32_x86.ActiveCfg = Debug|x86
		{DAB5EFC3-6525-4A5B-AA57-B8005ABCC530}.Debug All|Win32_x86.Build.0 = Debug|x86
		{DAB5EFC3-6525-4A5B-AA57-B8005ABCC530}.Debug All|Win64_x64.ActiveCfg = Debug|x64
		{DAB5EFC3-6525-4A5B-AA57-B8005ABCC530}.Debug All|Win64_x64.Build.0 = Debug|x64
		{DAB5EFC3-6525-4A5B-AA57-B8005ABCC530}.Release All|Win32_x86.ActiveCfg = Release|x86
		{DAB5EFC3-6525-4A5B-AA57-B8005ABCC530}.Release All|Win32_x86.Build.0 = Release|x86
		{DAB5EFC3-6525-4A5B-AA57-B8005ABCC530}.Release All|Win64_x64.ActiveCfg = Release|x64
		{DAB5EFC3-6525-4A5B-AA57-B8005ABCC530}.Release All|Win64_x64.Build.0 = Release|x64
		{AD846A5E-ECAE-4798-8665-C38BBA6826B1}.Debug All|Win32_x86.ActiveCfg = Debug|x86
		{AD846A5E-ECAE-4798-8665-C38BBA6826B1}.Debug All|Win32_x86.Build.0 = Debug|x86
		{AD846A5E-ECAE-4798-8665-C38BBA6826B1}.Debug All|Win64_x64.ActiveCfg = Debug|x64
		{AD846A5E-ECAE-4798-8665-C38BBA6826B1}.Debug All|Win64_x64.Build.0 = Debug|x64
		{AD846A5E-ECAE-4798-8665-C38BBA6826B1}.Release All|Win32_x86.ActiveCfg = Release|x86
		{AD846A5E-ECAE-4798-8665-C38BBA6826B1}.Release All|Win32_x86.Build.0 = Release|x86
		{AD846A5E-ECAE-4798-8665-C38BBA6826B1}.Release All|Win64_x64.ActiveCfg = Release|x64
		{AD846A5E-ECAE-4798-8665-C38BBA6826B1}.Release All|Win64_x64.Build.0 = Release|x64
		{7126C612-FA3F-4E76-B698-CF5742BE28E4}.Debug All|Win32_x86.ActiveCfg = Debug|x86
		{7126C612-FA3F-4E76-B698-CF5742BE28E4}.Debug All|Win32_x86.Build.0 = Debug|x86
		{7126C612-FA3F-4E76-B698-CF5742BE28E4}.Debug All|Win64_x64.ActiveCfg = Debug|x64
		{7126C612-FA3F-4E76-B698-CF5742BE28E4}.Debug All|Win64_x64.Build.0 = Debug|x64
		{7126C612-FA3F-4E76-B698-CF5742BE28E4}.Release All|Win32_x86.ActiveCfg = Release|x86
		{7126C612-FA3F-4E76-B698-CF5742BE28E4}.Release All|Win32_x86.Build.0 = Release|x86
		{7126C612-FA3F-4E76-B698-CF5742BE28E4}.Release All|Win64_x64.ActiveCfg = Release|x64
		{7126C612-FA3F-4E76-B698-CF5742BE28E4}.Release All|Win64_x64.Build.0 = Release|x64
		{28C6794E-30DA-41BA-A1BE-27D7503761D2}.Debug All|Win32_x86.ActiveCfg = Debug|x86
		{28C6794E-30DA-41BA-A1BE-27D7503761D2}.Debug All|Win32_x86.Build.0 = Debug|x86
		{28C6794E-30DA-41BA-A1BE-27D7503761D2}.Debug All|Win64_x64.ActiveCfg = Debug|x64
		{28C6794E-30DA-41BA-A1BE-27D7503761D2}.Debug All|Win64_x64.Build.0 = Debug|x64
		{28C6794E-30DA-41BA-A1BE-27D7503761D2}.Release All|Win32_x86.ActiveCfg = Release|x86
		{28C6794E-30DA-41BA-A1BE-27D7503761D2}.Release All|Win32_x86.Build.0 = Release|x86
		{28C6794E-30DA-41BA-A1BE-27D7503761D2}.Release All|Win64_x64.ActiveCfg = Release|x64
		{28C6794E-30DA-41BA-A1BE-27D7503761D2}.Release All|Win64_x64.Build.0 = Release|x64
		{FECA7758-26C3-4C26-B976-02E78C6BDC23}.Debug All|Win32_x86.ActiveCfg = Debug|x86
		{FECA7758-26C3-4C26-B976-02E78C6BDC23}.Debug All|Win32_x86.Build.0 = Debug|x86
		{FECA7758-26C3-4C26-B976-02E78C6BDC23}.Debug All|Win64_x64.ActiveCfg = Debug|x64
		{FECA7758-26C3-4C26-B976-02E78C6BDC23}.Debug All|Win64_x64.Build.0 = Debug|x64
		{FECA7758-26C3-4C26-B976-02E78C6BDC23}.Release All|Win32_x86.ActiveCfg = Release|x86
		{FECA7758-26C3-4C26-B976-02E78C6BDC23}.Release All|Win32_x86.Build.0 = Release|x86
		{FECA7758-26C3-4C26-B976-02E78C6BDC23}.Release All|Win64_x64.ActiveCfg = Release|x64
		{FECA7758-26C3-4C26-B976-02E78C6BDC23}.Release All|Win64_x64.Build.0 = Release|x64
		{3CAB5D54-E26C-486D-B994-92953A7EAE4B}.Debug All|Win32_x86.ActiveCfg = Debug|x86
		{3CAB5D54-E26C-486D-B994-92953A7EAE4B}.Debug All|Win32_x86.Build.0 = Debug|x86
		{3CAB5D54-E26C-486D-B994-92953A7EAE4B}.Debug All|Win64_x64.ActiveCfg = Debug|x64
		{3CAB5D54-E26C-486D-B994-92953A7EAE4B}.Debug All|Win64_x64.Build.0 = Debug|x64
		{3CAB5D54-E26C-486D-B994-92953A7EAE4B}.Release All|Win32_x86.ActiveCfg = Release|x86
		{3CAB5D54-E26C-486D-B994-92953A7EAE4B}.Release All|Win32_x86.Build.0 = Release|x86
		{3CAB5D54-E26C-486D-B994-92953A7EAE4B}.Release All|Win64_x64.ActiveCfg = Release|x64
		{3CAB5D54-E26C-486D-B994-92953A7EAE4B}.Release All|Win64_x64.Build.0 = Release|x64
		{49FBA85F-77D4-4C3A-BB5F-4F7288A90FFD}.Debug All|Win32_x86.ActiveCfg = Debug|x86
		{49FBA85F-77D4-4C3A-BB5F-4F7288A90FFD}.Debug All|Win32_x86.Build.0 = Debug|x86
		{49FBA85F-77D4-4C3A-BB5F-4F7288A90FFD}.Debug All|Win64_x64.ActiveCfg = Debug|x64
		{49FBA85F-77D4-4C3A-BB5F-4F7288A90FFD}.Debug All|Win64_x64.Build.0 = Debug|x64
		{49FBA85F-77D4-4C3A-BB5F-4F7288A90FFD}.Release All|Win32_x86.ActiveCfg = Release|x86
		{49FBA85F-77D4-4C3A-BB5F-4F7288A90FFD}.Release All|Win32_x86.Build.0 = Release|x86
		{49FBA85F-77D4-4C3A-BB5F-4F7288A90FFD}.Release All|Win64_x64.ActiveCfg = Release|x64
		{49FBA85F-77D4-4C3A-BB5F-4F7288A90FFD}.Release All|Win64_x64.Build.0 = Release|x64
		{78B0F68F-31F3-4181-A5A8-024BAD71FCFF}.Debug All|Win32_x86.ActiveCfg = Debug|x86
		{78B0F68F-31F3-4181-A5A8-024BAD71FCFF}.Debug All|Win32_x86.Build.0 = Debug|x86
		{78B0F68F-31F3-4181-A5A8-024BAD71FCFF}.Debug All|Win64_x64.ActiveCfg = Debug|x64
		{78B0F68F-31F3-4181-A5A8-024BAD71FCFF}.Debug All|Win64_x64.Build.0 = Debug|x64
		{78B0F68F-31F3-4181-A5A8-024BAD71FCFF}.Release All|Win32_x86.ActiveCfg = Release|x86
		{78B0F68F-31F3-4181-A5A8-024BAD71FCFF}.Release All|Win32_x86.Build.0 = Release|x86
		{78B0F68F-31F3-4181-A5A8-024BAD71FCFF}.Release All|Win64_x64.ActiveCfg = Release|x64
		{78B0F68F-31F3-4181-A5A8-024BAD71FCFF}.Release All|Win64_x64.Build.0 = Release|x64
		{9086A928-0C06-4188-99E1-58C2082A26B5}.Debug All|Win32_x86.ActiveCfg = Debug|x86
		{9086A928-0C06-4188-99E1-58C2082A26B5}.Debug All|Win32_x86.Build.0 = Debug|x86
		{9086A928-0C06-4188-99E1-58C2082A26B5}.Debug All|Win64_x64.ActiveCfg = Debug|x64
		{9086A928-0C06-4188-99E1-58C2082A26B5}.Debug All|Win64_x64.Build.0 = Debug|x64
		{9086A928-0C06-4188-99E1-58C2082A26B5}.Release All|Win32_x86.ActiveCfg = Release|x86
		{9086A928-0C06-4188-99E1-58C2082A26B5}.Release All|Win32_x86.Build.0 = Release|x86
		{9086A928-0C06-4188-99E1-58C2082A26B5}.Release All|Win64_x64.ActiveCfg = Release|x64
		{9086A928-0C06-4188-99E1-58C2082A26B5}.Release All|Win64_x64.Build.0 = Release|x64
		{450BD4DB-ADAD-4A0C-A1B3-3C2FA5B4ADD8}.Debug All|Win32_x86.ActiveCfg = Debug|x86
		{450BD4DB-ADAD-4A0C-A1B3-3C2FA5B4ADD8}.Debug All|Win32_x86.Build.0 = Debug|x86
		{450BD4DB-ADAD-4A0C-A1B3-3C2FA5B4ADD8}.Debug All|Win64_x64.ActiveCfg = Debug|x64
		{450BD4DB-ADAD-4A0C-A1B3-3C2FA5B4ADD8}.Debug All|Win64_x64.Build.0 = Debug|x64
		{450BD4DB-ADAD-4A0C-A1B3-3C2FA5B4ADD8}.Release All|Win32_x86.ActiveCfg = Release|x86
		{450BD4DB-ADAD-4A0C-A1B3-3C2FA5B4ADD8}.Release All|Win32_x86.Build.0 = Release|x86
		{450BD4DB-ADAD-4A0C-A1B3-3C2FA5B4ADD8}.Release All|Win64_x64.ActiveCfg = Release|x64
		{450BD4DB-ADAD-4A0C-A1B3-3C2FA5B4ADD8}.Release All|Win64_x64.Build.0 = Release|x64
		{D6CE4E0E-DF0B-4764-9D89-E503BCDED396}.Debug All|Win32_x86.ActiveCfg = Debug|x86
		{D6CE4E0E-DF0B-4764-9D89-E503BCDED396}.Debug All|Win32_x86.Build.0 = Debug|x86
		{D6CE4E0E-DF0B-4764-9D89-E503BCDED396}.Debug All|Win64_x64.ActiveCfg = Debug|x64
		{D6CE4E0E-DF0B-4764-9D89-E503BCDED396}.Debug All|Win64_x64.Build.0 = Debug|x64
		{D6CE4E0E-DF0B-4764-9D89-E503BCDED396}.Release All|Win32_x86.ActiveCfg = Release|x86
		{D6CE4E0E-DF0B-4764-9D89-E503BCDED396}.Release All|Win32_x86.Build.0 = Release|x86
		{D6CE4E0E-DF0B-4764-9D89-E503BCDED396}.Release All|Win64_x64.ActiveCfg = Release|x64
		{D6CE4E0E-DF0B-4764-9D89-E503BCDED396}.Release All|Win64_x64.Build.0 = Release|x64
		{EADEBA0C-D538-4A9A-9DBD-13A6BC6BDC91}.Debug All|Win32_x86.ActiveCfg = Debug|x86
		{EADEBA0C-D538-4A9A-9DBD-13A6BC6BDC91}.Debug All|Win32_x86.Build.0 = Debug|x86
		{EADEBA0C-D538-4A9A-9DBD-13A6BC6BDC91}.Debug All|Win64_x64.ActiveCfg = Debug|x64
		{EADEBA0C-D538-4A9A-9DBD-13A6BC6BDC91}.Debug All|Win64_x64.Build.0 = Debug|x64
		{EADEBA0C-D538-4A9A-9DBD-13A6BC6BDC91}.Release All|Win32_x86.ActiveCfg = Release|x86
		{EADEBA0C-D538-4A9A-9DBD-13A6BC6BDC91}.Release All|Win32_x86.Build.0 = Release|x86
		{EADEBA0C-D538-4A9A-9DBD-13A6BC6BDC91}.Release All|Win64_x64.ActiveCfg = Release|x64
		{56D69563-2D8C-4710-9191-26C2413428AB}.Debug All|Win32_x86.ActiveCfg = Debug|x86
		{56D69563-2D8C-4710-9191-26C2413428AB}.Debug All|Win32_x86.Build.0 = Debug|x86
		{56D69563-2D8C-4710-9191-26C2413428AB}.Debug All|Win64_x64.ActiveCfg = Debug|x64
		{56D69563-2D8C-4710-9191-26C2413428AB}.Debug All|Win64_x64.Build.0 = Debug|x64
		{56D69563-2D8C-4710-9191-26C2413428AB}.Release All|Win32_x86.ActiveCfg = Release|x86
		{56D69563-2D8C-4710-9191-26C2413428AB}.Release All|Win32_x86.Build.0 = Release|x86
		{56D69563-2D8C-4710-9191-26C2413428AB}.Release All|Win64_x64.ActiveCfg = Release|x64
		{56D69563-2D8C-4710-9191-26C2413428AB}.Release All|Win64_x64.Build.0 = Release|x64
		{5AE0E69E-B4E8-467D-AE92-E3A0CD189DE7}.Debug All|Win32_x86.ActiveCfg = Debug|x86
		{5AE0E69E-B4E8-467D-AE92-E3A0CD189DE7}.Debug All|Win32_x86.Build.0 = Debug|x86
		{5AE0E69E-B4E8-467D-AE92-E3A0CD189DE7}.Debug All|Win64_x64.ActiveCfg = Debug|x64
		{5AE0E69E-B4E8-467D-AE92-E3A0CD189DE7}.Debug All|Win64_x64.Build.0 = Debug|x64
		{5AE0E69E-B4E8-467D-AE92-E3A0CD189DE7}.Release All|Win32_x86.ActiveCfg = Release|x86
		{5AE0E69E-B4E8-467D-AE92-E3A0CD189DE7}.Release All|Win32_x86.Build.0 = Release|x86
		{5AE0E69E-B4E8-467D-AE92-E3A0CD189DE7}.Release All|Win64_x64.ActiveCfg = Release|x64
		{5AE0E69E-B4E8-467D-AE92-E3A0CD189DE7}.Release All|Win64_x64.Build.0 = Release|x64
		{CD1542D2-3E8B-4AEC-8E06-BD8AEAB87C0F}.Debug All|Win32_x86.ActiveCfg = Debug|x86
		{CD1542D2-3E8B-4AEC-8E06-BD8AEAB87C0F}.Debug All|Win32_x86.Build.0 = Debug|x86
		{CD1542D2-3E8B-4AEC-8E06-BD8AEAB87C0F}.Debug All|Win64_x64.ActiveCfg = Debug|x64
		{CD1542D2-3E8B-4AEC-8E06-BD8AEAB87C0F}.Debug All|Win64_x64.Build.0 = Debug|x64
		{CD1542D2-3E8B-4AEC-8E06-BD8AEAB87C0F}.Release All|Win32_x86.ActiveCfg = Release|x86
		{CD1542D2-3E8B-4AEC-8E06-BD8AEAB87C0F}.Release All|Win32_x86.Build.0 = Release|x86
		{CD1542D2-3E8B-4AEC-8E06-BD8AEAB87C0F}.Release All|Win64_x64.ActiveCfg = Release|x64
		{CD1542D2-3E8B-4AEC-8E06-BD8AEAB87C0F}.Release All|Win64_x64.Build.0 = Release|x64
		{199DE9D3-C052-48D7-AF1B-EB279945AEF8}.Debug All|Win32_x86.ActiveCfg = Debug|x86
		{199DE9D3-C052-48D7-AF1B-EB279945AEF8}.Debug All|Win32_x86.Build.0 = Debug|x86
		{199DE9D3-C052-48D7-AF1B-EB279945AEF8}.Debug All|Win64_x64.ActiveCfg = Debug|x64
		{199DE9D3-C052-48D7-AF1B-EB279945AEF8}.Debug All|Win64_x64.Build.0 = Debug|x64
		{199DE9D3-C052-48D7-AF1B-EB279945AEF8}.Release All|Win32_x86.ActiveCfg = Release|x86
		{199DE9D3-C052-48D7-AF1B-EB279945AEF8}.Release All|Win32_x86.Build.0 = Release|x86
		{199DE9D3-C052-48D7-AF1B-EB279945AEF8}.Release All|Win64_x64.ActiveCfg = Release|x64
		{199DE9D3-C052-48D7-AF1B-EB279945AEF8}.Release All|Win64_x64.Build.0 = Release|x64
		{0E683D97-C1B0-44B6-8D44-1AE03811EF5F}.Debug All|Win32_x86.ActiveCfg = Debug|x86
		{0E683D97-C1B0-44B6-8D44-1AE03811EF5F}.Debug All|Win32_x86.Build.0 = Debug|x86
		{0E683D97-C1B0-44B6-8D44-1AE03811EF5F}.Debug All|Win64_x64.ActiveCfg = Debug|x64
		{0E683D97-C1B0-44B6-8D44-1AE03811EF5F}.Debug All|Win64_x64.Build.0 = Debug|x64
		{0E683D97-C1B0-44B6-8D44-1AE03811EF5F}.Release All|Win32_x86.ActiveCfg = Release|x86
		{0E683D97-C1B0-44B6-8D44-1AE03811EF5F}.Release All|Win32_x86.Build.0 = Release|x86
		{0E683D97-C1B0-44B6-8D44-1AE03811EF5F}.Release All|Win64_x64.ActiveCfg = Release|x64
		{0E683D97-C1B0-44B6-8D44-1AE03811EF5F}.Release All|Win64_x64.Build.0 = Release|x64
		{72F41155-1F68-4F27-A9DB-9AB3CEB6077B}.Debug All|Win32_x86.ActiveCfg = Debug|x86
		{72F41155-1F68-4F27-A9DB-9AB3CEB6077B}.Debug All|Win32_x86.Build.0 = Debug|x86
		{72F41155-1F68-4F27-A9DB-9AB3CEB6077B}.Debug All|Win64_x64.ActiveCfg = Debug|x64
		{72F41155-1F68-4F27-A9DB-9AB3CEB6077B}.Debug All|Win64_x64.Build.0 = Debug|x64
		{72F41155-1F68-4F27-A9DB-9AB3CEB6077B}.Release All|Win32_x86.ActiveCfg = Release|x86
		{72F41155-1F68-4F27-A9DB-9AB3CEB6077B}.Release All|Win32_x86.Build.0 = Release|x86
		{72F41155-1F68-4F27-A9DB-9AB3CEB6077B}.Release All|Win64_x64.ActiveCfg = Release|x64
		{72F41155-1F68-4F27-A9DB-9AB3CEB6077B}.Release All|Win64_x64.Build.0 = Release|x64
		{CDE5ECB4-C278-4FAA-BD3E-D955AF8B9584}.Debug All|Win32_x86.ActiveCfg = Debug|x86
		{CDE5ECB4-C278-4FAA-BD3E-D955AF8B9584}.Debug All|Win32_x86.Build.0 = Debug|x86
		{CDE5ECB4-C278-4FAA-BD3E-D955AF8B9584}.Debug All|Win64_x64.ActiveCfg = Debug|x64
		{CDE5ECB4-C278-4FAA-BD3E-D955AF8B9584}.Debug All|Win64_x64.Build.0 = Debug|x64
		{CDE5ECB4-C278-4FAA-BD3E-D955AF8B9584}.Release All|Win32_x86.ActiveCfg = Release|x86
		{CDE5ECB4-C278-4FAA-BD3E-D955AF8B9584}.Release All|Win32_x86.Build.0 = Release|x86
		{CDE5ECB4-C278-4FAA-BD3E-D955AF8B9584}.Release All|Win64_x64.ActiveCfg = Release|x64
		{CDE5ECB4-C278-4FAA-BD3E-D955AF8B9584}.Release All|Win64_x64.Build.0 = Release|x64
		{F4C8FD67-19B7-4A24-9968-272DB0A8F6B8}.Debug All|Win32_x86.ActiveCfg = Debug|x86
		{F4C8FD67-19B7-4A24-9968-272DB0A8F6B8}.Debug All|Win32_x86.Build.0 = Debug|x86
		{F4C8FD67-19B7-4A24-9968-272DB0A8F6B8}.Debug All|Win64_x64.ActiveCfg = Debug|x64
		{F4C8FD67-19B7-4A24-9968-272DB0A8F6B8}.Debug All|Win64_x64.Build.0 = Debug|x64
		{F4C8FD67-19B7-4A24-9968-272DB0A8F6B8}.Release All|Win32_x86.ActiveCfg = Release|x86
		{F4C8FD67-19B7-4A24-9968-272DB0A8F6B8}.Release All|Win32_x86.Build.0 = Release|x86
		{F4C8FD67-19B7-4A24-9968-272DB0A8F6B8}.Release All|Win64_x64.ActiveCfg = Release|x64
		{F4C8FD67-19B7-4A24-9968-272DB0A8F6B8}.Release All|Win64_x64.Build.0 = Release|x64
		{79F1294D-EB91-4448-94C5-E18FBB4B1F24}.Debug All|Win32_x86.ActiveCfg = Debug|x86
		{79F1294D-EB91-4448-94C5-E18FBB4B1F24}.Debug All|Win32_x86.Build.0 = Debug|x86
		{79F1294D-EB91-4448-94C5-E18FBB4B1F24}.Debug All|Win64_x64.ActiveCfg = Debug|x64
		{79F1294D-EB91-4448-94C5-E18FBB4B1F24}.Debug All|Win64_x64.Build.0 = Debug|x64
		{79F1294D-EB91-4448-94C5-E18FBB4B1F24}.Release All|Win32_x86.ActiveCfg = Release|x86
		{79F1294D-EB91-4448-94C5-E18FBB4B1F24}.Release All|Win32_x86.Build.0 = Release|x86
		{79F1294D-EB91-4448-94C5-E18FBB4B1F24}.Release All|Win64_x64.ActiveCfg = Release|x64
		{79F1294D-EB91-4448-94C5-E18FBB4B1F24}.Release All|Win64_x64.Build.0 = Release|x64
		{85F484FC-C0B9-47CD-B563-314E32F41868}.Debug All|Win32_x86.ActiveCfg = Debug|x86
		{85F484FC-C0B9-47CD-B563-314E32F41868}.Debug All|Win32_x86.Build.0 = Debug|x86
		{85F484FC-C0B9-47CD-B563-314E32F41868}.Debug All|Win64_x64.ActiveCfg = Debug|x64
		{85F484FC-C0B9-47CD-B563-314E32F41868}.Debug All|Win64_x64.Build.0 = Debug|x64
		{85F484FC-C0B9-47CD-B563-314E32F41868}.Release All|Win32_x86.ActiveCfg = Release|x86
		{85F484FC-C0B9-47CD-B563-314E32F41868}.Release All|Win32_x86.Build.0 = Release|x86
		{85F484FC-C0B9-47CD-B563-314E32F41868}.Release All|Win64_x64.ActiveCfg = Release|x64
		{85F484FC-C0B9-47CD-B563-314E32F41868}.Release All|Win64_x64.Build.0 = Release|x64
		{F651B6CB-9128-4B49-95AA-7A4DDC2CFDF2}.Debug All|Win32_x86.ActiveCfg = Debug|x86
		{F651B6CB-9128-4B49-95AA-7A4DDC2CFDF2}.Debug All|Win32_x86.Build.0 = Debug|x86
		{F651B6CB-9128-4B49-95AA-7A4DDC2CFDF2}.Debug All|Win64_x64.ActiveCfg = Debug|x64
		{F651B6CB-9128-4B49-95AA-7A4DDC2CFDF2}.Debug All|Win64_x64.Build.0 = Debug|x64
		{F651B6CB-9128-4B49-95AA-7A4DDC2CFDF2}.Release All|Win32_x86.ActiveCfg = Release|x86
		{F651B6CB-9128-4B49-95AA-7A4DDC2CFDF2}.Release All|Win32_x86.Build.0 = Release|x86
		{F651B6CB-9128-4B49-95AA-7A4DDC2CFDF2}.Release All|Win64_x64.ActiveCfg = Release|x64
		{F651B6CB-9128-4B49-95AA-7A4DDC2CFDF2}.Release All|Win64_x64.Build.0 = Release|x64
		{BEDB39D5-6DDA-4DF1-84A8-3049ABA865F1}.Debug All|Win32_x86.ActiveCfg = Debug|x86
		{BEDB39D5-6DDA-4DF1-84A8-3049ABA865F1}.Debug All|Win32_x86.Build.0 = Debug|x86
		{BEDB39D5-6DDA-4DF1-84A8-3049ABA865F1}.Debug All|Win64_x64.ActiveCfg = Debug|x64
		{BEDB39D5-6DDA-4DF1-84A8-3049ABA865F1}.Debug All|Win64_x64.Build.0 = Debug|x64
		{BEDB39D5-6DDA-4DF1-84A8-3049ABA865F1}.Release All|Win32_x86.ActiveCfg = Release|x86
		{BEDB39D5-6DDA-4DF1-84A8-3049ABA865F1}.Release All|Win32_x86.Build.0 = Release|x86
		{BEDB39D5-6DDA-4DF1-84A8-3049ABA865F1}.Release All|Win64_x64.ActiveCfg = Release|x64
		{BEDB39D5-6DDA-4DF1-84A8-3049ABA865F1}.Release All|Win64_x64.Build.0 = Release|x64
		{94FE37BE-157D-496A-A116-65ADAF72A929}.Debug All|Win32_x86.ActiveCfg = Debug|x86
		{94FE37BE-157D-496A-A116-65ADAF72A929}.Debug All|Win32_x86.Build.0 = Debug|x86
		{94FE37BE-157D-496A-A116-65ADAF72A929}.Debug All|Win64_x64.ActiveCfg = Debug|x64
		{94FE37BE-157D-496A-A116-65ADAF72A929}.Debug All|Win64_x64.Build.0 = Debug|x64
		{94FE37BE-157D-496A-A116-65ADAF72A929}.Release All|Win32_x86.ActiveCfg = Release|x86
		{94FE37BE-157D-496A-A116-65ADAF72A929}.Release All|Win32_x86.Build.0 = Release|x86
		{94FE37BE-157D-496A-A116-65ADAF72A929}.Release All|Win64_x64.ActiveCfg = Release|x64
		{94FE37BE-157D-496A-A116-65ADAF72A929}.Release All|Win64_x64.Build.0 = Release|x64
		{80EE6DE3-67B2-43F5-9DA4-74F2DAC6FD86}.Debug All|Win32_x86.ActiveCfg = Debug|x86
		{80EE6DE3-67B2-43F5-9DA4-74F2DAC6FD86}.Debug All|Win32_x86.Build.0 = Debug|x86
		{80EE6DE3-67B2-43F5-9DA4-74F2DAC6FD86}.Debug All|Win64_x64.ActiveCfg = Debug|x64
		{80EE6DE3-67B2-43F5-9DA4-74F2DAC6FD86}.Debug All|Win64_x64.Build.0 = Debug|x64
		{80EE6DE3-67B2-43F5-9DA4-74F2DAC6FD86}.Release All|Win32_x86.ActiveCfg = Release|x86
		{80EE6DE3-67B2-43F5-9DA4-74F2DAC6FD86}.Release All|Win32_x86.Build.0 = Release|x86
		{80EE6DE3-67B2-43F5-9DA4-74F2DAC6FD86}.Release All|Win64_x64.ActiveCfg = Release|x64
		{80EE6DE3-67B2-43F5-9DA4-74F2DAC6FD86}.Release All|Win64_x64.Build.0 = Release|x64
		{DA15BEB3-9C5A-45A8-A03A-C0C6E7A7EDD2}.Debug All|Win32_x86.ActiveCfg = Debug|x86
		{DA15BEB3-9C5A-45A8-A03A-C0C6E7A7EDD2}.Debug All|Win32_x86.Build.0 = Debug|x86
		{DA15BEB3-9C5A-45A8-A03A-C0C6E7A7EDD2}.Debug All|Win64_x64.ActiveCfg = Debug|x64
		{DA15BEB3-9C5A-45A8-A03A-C0C6E7A7EDD2}.Debug All|Win64_x64.Build.0 = Debug|x64
		{DA15BEB3-9C5A-45A8-A03A-C0C6E7A7EDD2}.Release All|Win32_x86.ActiveCfg = Release|x86
		{DA15BEB3-9C5A-45A8-A03A-C0C6E7A7EDD2}.Release All|Win32_x86.Build.0 = Release|x86
		{DA15BEB3-9C5A-45A8-A03A-C0C6E7A7EDD2}.Release All|Win64_x64.ActiveCfg = Release|x64
		{DA15BEB3-9C5A-45A8-A03A-C0C6E7A7EDD2}.Release All|Win64_x64.Build.0 = Release|x64
		{33C8844E-B693-47F4-9624-1BDD116AE162}.Debug All|Win32_x86.ActiveCfg = Debug|x86
		{33C8844E-B693-47F4-9624-1BDD116AE162}.Debug All|Win32_x86.Build.0 = Debug|x86
		{33C8844E-B693-47F4-9624-1BDD116AE162}.Debug All|Win64_x64.ActiveCfg = Debug|x64
		{33C8844E-B693-47F4-9624-1BDD116AE162}.Debug All|Win64_x64.Build.0 = Debug|x64
		{33C8844E-B693-47F4-9624-1BDD116AE162}.Release All|Win32_x86.ActiveCfg = Release|x86
		{33C8844E-B693-47F4-9624-1BDD116AE162}.Release All|Win32_x86.Build.0 = Release|x86
		{33C8844E-B693-47F4-9624-1BDD116AE162}.Release All|Win64_x64.ActiveCfg = Release|x64
		{33C8844E-B693-47F4-9624-1BDD116AE162}.Release All|Win64_x64.Build.0 = Release|x64
		{8E374052-8307-4D27-98D3-01895F2CCD74}.Debug All|Win32_x86.ActiveCfg = Debug|x86
		{8E374052-8307-4D27-98D3-01895F2CCD74}.Debug All|Win32_x86.Build.0 = Debug|x86
		{8E374052-8307-4D27-98D3-01895F2CCD74}.Debug All|Win64_x64.ActiveCfg = Debug|x64
		{8E374052-8307-4D27-98D3-01895F2CCD74}.Debug All|Win64_x64.Build.0 = Debug|x64
		{8E374052-8307-4D27-98D3-01895F2CCD74}.Release All|Win32_x86.ActiveCfg = Release|x86
		{8E374052-8307-4D27-98D3-01895F2CCD74}.Release All|Win32_x86.Build.0 = Release|x86
		{8E374052-8307-4D27-98D3-01895F2CCD74}.Release All|Win64_x64.ActiveCfg = Release|x64
		{8E374052-8307-4D27-98D3-01895F2CCD74}.Release All|Win64_x64.Build.0 = Release|x64
		{60ADEAD9-A7E8-491C-82F0-3144A38D39E6}.Debug All|Win32_x86.ActiveCfg = Debug|x86
		{60ADEAD9-A7E8-491C-82F0-3144A38D39E6}.Debug All|Win32_x86.Build.0 = Debug|x86
		{60ADEAD9-A7E8-491C-82F0-3144A38D39E6}.Debug All|Win64_x64.ActiveCfg = Debug|x64
		{60ADEAD9-A7E8-491C-82F0-3144A38D39E6}.Debug All|Win64_x64.Build.0 = Debug|x64
		{60ADEAD9-A7E8-491C-82F0-3144A38D39E6}.Release All|Win32_x86.ActiveCfg = Release|x86
		{60ADEAD9-A7E8-491C-82F0-3144A38D39E6}.Release All|Win32_x86.Build.0 = Release|x86
		{60ADEAD9-A7E8-491C-82F0-3144A38D39E6}.Release All|Win64_x64.ActiveCfg = Release|x64
		{60ADEAD9-A7E8-491C-82F0-3144A38D39E6}.Release All|Win64_x64.Build.0 = Release|x64
		{BE7AF677-C56C-406A-99F7-DB0AFAD9F8C3}.Debug All|Win32_x86.ActiveCfg = Debug|x86
		{BE7AF677-C56C-406A-99F7-DB0AFAD9F8C3}.Debug All|Win32_x86.Build.0 = Debug|x86
		{BE7AF677-C56C-406A-99F7-DB0AFAD9F8C3}.Debug All|Win64_x64.ActiveCfg = Debug|x64
		{BE7AF677-C56C-406A-99F7-DB0AFAD9F8C3}.Debug All|Win64_x64.Build.0 = Debug|x64
		{BE7AF677-C56C-406A-99F7-DB0AFAD9F8C3}.Release All|Win32_x86.ActiveCfg = Release|x86
		{BE7AF677-C56C-406A-99F7-DB0AFAD9F8C3}.Release All|Win32_x86.Build.0 = Release|x86
		{BE7AF677-C56C-406A-99F7-DB0AFAD9F8C3}.Release All|Win64_x64.ActiveCfg = Release|x64
		{BE7AF677-C56C-406A-99F7-DB0AFAD9F8C3}.Release All|Win64_x64.Build.0 = Release|x64
		{F7E3140C-D343-45C1-A5B1-2C64503240BA}.Debug All|Win32_x86.ActiveCfg = Debug|x86
		{F7E3140C-D343-45C1-A5B1-2C64503240BA}.Debug All|Win32_x86.Build.0 = Debug|x86
		{F7E3140C-D343-45C1-A5B1-2C64503240BA}.Debug All|Win64_x64.ActiveCfg = Debug|x64
		{F7E3140C-D343-45C1-A5B1-2C64503240BA}.Debug All|Win64_x64.Build.0 = Debug|x64
		{F7E3140C-D343-45C1-A5B1-2C64503240BA}.Release All|Win32_x86.ActiveCfg = Release|x86
		{F7E3140C-D343-45C1-A5B1-2C64503240BA}.Release All|Win32_x86.Build.0 = Release|x86
		{F7E3140C-D343-45C1-A5B1-2C64503240BA}.Release All|Win64_x64.ActiveCfg = Release|x64
		{F7E3140C-D343-45C1-A5B1-2C64503240BA}.Release All|Win64_x64.Build.0 = Release|x64
		{59F88E86-049D-416C-887A-9F2D8EBB7BBB}.Debug All|Win32_x86.ActiveCfg = Debug|x86
		{59F88E86-049D-416C-887A-9F2D8EBB7BBB}.Debug All|Win32_x86.Build.0 = Debug|x86
		{59F88E86-049D-416C-887A-9F2D8EBB7BBB}.Debug All|Win64_x64.ActiveCfg = Debug|x64
		{59F88E86-049D-416C-887A-9F2D8EBB7BBB}.Debug All|Win64_x64.Build.0 = Debug|x64
		{59F88E86-049D-416C-887A-9F2D8EBB7BBB}.Release All|Win32_x86.ActiveCfg = Release|x86
		{59F88E86-049D-416C-887A-9F2D8EBB7BBB}.Release All|Win32_x86.Build.0 = Release|x86
		{59F88E86-049D-416C-887A-9F2D8EBB7BBB}.Release All|Win64_x64.ActiveCfg = Release|x64
		{59F88E86-049D-416C-887A-9F2D8EBB7BBB}.Release All|Win64_x64.Build.0 = Release|x64
		{DC3517AE-A4EE-4DBE-BD5B-DC49172EF053}.Debug All|Win32_x86.ActiveCfg = Debug|x86
		{DC3517AE-A4EE-4DBE-BD5B-DC49172EF053}.Debug All|Win32_x86.Build.0 = Debug|x86
		{DC3517AE-A4EE-4DBE-BD5B-DC49172EF053}.Debug All|Win64_x64.ActiveCfg = Debug|x64
		{DC3517AE-A4EE-4DBE-BD5B-DC49172EF053}.Debug All|Win64_x64.Build.0 = Debug|x64
		{DC3517AE-A4EE-4DBE-BD5B-DC49172EF053}.Release All|Win32_x86.ActiveCfg = Release|x86
		{DC3517AE-A4EE-4DBE-BD5B-DC49172EF053}.Release All|Win32_x86.Build.0 = Release|x86
		{DC3517AE-A4EE-4DBE-BD5B-DC49172EF053}.Release All|Win64_x64.ActiveCfg = Release|x64
		{DC3517AE-A4EE-4DBE-BD5B-DC49172EF053}.Release All|Win64_x64.Build.0 = Release|x64
		{320352B3-805C-4386-8731-DD7CDA6E268D}.Debug All|Win32_x86.ActiveCfg = Debug|x86
		{320352B3-805C-4386-8731-DD7CDA6E268D}.Debug All|Win32_x86.Build.0 = Debug|x86
		{320352B3-805C-4386-8731-DD7CDA6E268D}.Debug All|Win64_x64.ActiveCfg = Debug|x64
		{320352B3-805C-4386-8731-DD7CDA6E268D}.Debug All|Win64_x64.Build.0 = Debug|x64
		{320352B3-805C-4386-8731-DD7CDA6E268D}.Release All|Win32_x86.ActiveCfg = Release|x86
		{320352B3-805C-4386-8731-DD7CDA6E268D}.Release All|Win32_x86.Build.0 = Release|x86
		{320352B3-805C-4386-8731-DD7CDA6E268D}.Release All|Win64_x64.ActiveCfg = Release|x64
		{320352B3-805C-4386-8731-DD7CDA6E268D}.Release All|Win64_x64.Build.0 = Release|x64
		{832EBD29-0771-4B10-B016-4C6495EDF9C8}.Debug All|Win32_x86.ActiveCfg = Debug|x86
		{832EBD29-0771-4B10-B016-4C6495EDF9C8}.Debug All|Win32_x86.Build.0 = Debug|x86
		{832EBD29-0771-4B10-B016-4C6495EDF9C8}.Debug All|Win64_x64.ActiveCfg = Debug|x64
		{832EBD29-0771-4B10-B016-4C6495EDF9C8}.Debug All|Win64_x64.Build.0 = Debug|x64
		{832EBD29-0771-4B10-B016-4C6495EDF9C8}.Release All|Win32_x86.ActiveCfg = Release|x86
		{832EBD29-0771-4B10-B016-4C6495EDF9C8}.Release All|Win32_x86.Build.0 = Release|x86
		{832EBD29-0771-4B10-B016-4C6495EDF9C8}.Release All|Win64_x64.ActiveCfg = Release|x64
		{832EBD29-0771-4B10-B016-4C6495EDF9C8}.Release All|Win64_x64.Build.0 = Release|x64
		{6529DBB3-2EEB-4361-8A1E-CD31875B8EFC}.Debug All|Win32_x86.ActiveCfg = Debug|x86
		{6529DBB3-2EEB-4361-8A1E-CD31875B8EFC}.Debug All|Win32_x86.Build.0 = Debug|x86
		{6529DBB3-2EEB-4361-8A1E-CD31875B8EFC}.Debug All|Win64_x64.ActiveCfg = Debug|x64
		{6529DBB3-2EEB-4361-8A1E-CD31875B8EFC}.Debug All|Win64_x64.Build.0 = Debug|x64
		{6529DBB3-2EEB-4361-8A1E-CD31875B8EFC}.Release All|Win32_x86.ActiveCfg = Release|x86
		{6529DBB3-2EEB-4361-8A1E-CD31875B8EFC}.Release All|Win32_x86.Build.0 = Release|x86
		{6529DBB3-2EEB-4361-8A1E-CD31875B8EFC}.Release All|Win64_x64.ActiveCfg = Release|x64
		{6529DBB3-2EEB-4361-8A1E-CD31875B8EFC}.Release All|Win64_x64.Build.0 = Release|x64
		{A99CCB68-3080-403D-AD2A-786252E5AB06}.Debug All|Win32_x86.ActiveCfg = Debug|x86
		{A99CCB68-3080-403D-AD2A-786252E5AB06}.Debug All|Win32_x86.Build.0 = Debug|x86
		{A99CCB68-3080-403D-AD2A-786252E5AB06}.Debug All|Win64_x64.ActiveCfg = Debug|x64
		{A99CCB68-3080-403D-AD2A-786252E5AB06}.Debug All|Win64_x64.Build.0 = Debug|x64
		{A99CCB68-3080-403D-AD2A-786252E5AB06}.Release All|Win32_x86.ActiveCfg = Release|x86
		{A99CCB68-3080-403D-AD2A-786252E5AB06}.Release All|Win32_x86.Build.0 = Release|x86
		{A99CCB68-3080-403D-AD2A-786252E5AB06}.Release All|Win64_x64.ActiveCfg = Release|x64
		{A99CCB68-3080-403D-AD2A-786252E5AB06}.Release All|Win64_x64.Build.0 = Release|x64
	EndGlobalSection
	GlobalSection(SolutionProperties) = preSolution
		HideSolutionNode = FALSE
	EndGlobalSection
	GlobalSection(NestedProjects) = preSolution
		{F661A46E-C3D3-4267-BC35-9621B039FE04} = {743BC11A-50A0-47E4-96DF-62CC74AF95B7}
		{2B55B841-8271-41A1-B4F6-3BB5FAE5162B} = {743BC11A-50A0-47E4-96DF-62CC74AF95B7}
		{CF51EEFF-F496-4456-94A0-2A9CA93611C7} = {743BC11A-50A0-47E4-96DF-62CC74AF95B7}
		{31A8BC8F-2552-4740-B93F-7BF125F3394E} = {743BC11A-50A0-47E4-96DF-62CC74AF95B7}
		{78B0F68F-31F3-4181-A5A8-024BAD71FCF0} = {743BC11A-50A0-47E4-96DF-62CC74AF95B7}
		{FB1C45DD-F005-42C4-A035-0230B1E88B76} = {743BC11A-50A0-47E4-96DF-62CC74AF95B7}
		{450BD4DB-ADAD-4A0C-A1B3-3C2FA5B4ADD9} = {743BC11A-50A0-47E4-96DF-62CC74AF95B7}
		{D68A0EA7-1CB9-432F-8DE5-2CD7695595F2} = {A1216C13-9D69-43E5-A11D-8CD13044EC3F}
		{5889BE89-A3F9-4478-8B6F-5644A9D730A1} = {A1216C13-9D69-43E5-A11D-8CD13044EC3F}
		{B83E3931-BA97-462D-B836-3B9DB2401CA1} = {A1216C13-9D69-43E5-A11D-8CD13044EC3F}
		{DAB5EFC3-6525-4A5B-AA57-B8005ABCC530} = {A1216C13-9D69-43E5-A11D-8CD13044EC3F}
		{AD846A5E-ECAE-4798-8665-C38BBA6826B1} = {A1216C13-9D69-43E5-A11D-8CD13044EC3F}
		{7126C612-FA3F-4E76-B698-CF5742BE28E4} = {A1216C13-9D69-43E5-A11D-8CD13044EC3F}
		{28C6794E-30DA-41BA-A1BE-27D7503761D2} = {A1216C13-9D69-43E5-A11D-8CD13044EC3F}
		{FECA7758-26C3-4C26-B976-02E78C6BDC23} = {A1216C13-9D69-43E5-A11D-8CD13044EC3F}
		{3CAB5D54-E26C-486D-B994-92953A7EAE4B} = {A1216C13-9D69-43E5-A11D-8CD13044EC3F}
		{49FBA85F-77D4-4C3A-BB5F-4F7288A90FFD} = {A1216C13-9D69-43E5-A11D-8CD13044EC3F}
		{78B0F68F-31F3-4181-A5A8-024BAD71FCFF} = {A1216C13-9D69-43E5-A11D-8CD13044EC3F}
		{9086A928-0C06-4188-99E1-58C2082A26B5} = {A1216C13-9D69-43E5-A11D-8CD13044EC3F}
		{450BD4DB-ADAD-4A0C-A1B3-3C2FA5B4ADD8} = {A1216C13-9D69-43E5-A11D-8CD13044EC3F}
		{D6CE4E0E-DF0B-4764-9D89-E503BCDED396} = {AC5A472C-A88B-4759-9382-4E104667C79C}
		{EADEBA0C-D538-4A9A-9DBD-13A6BC6BDC91} = {AC5A472C-A88B-4759-9382-4E104667C79C}
		{56D69563-2D8C-4710-9191-26C2413428AB} = {AC5A472C-A88B-4759-9382-4E104667C79C}
		{5AE0E69E-B4E8-467D-AE92-E3A0CD189DE7} = {AC5A472C-A88B-4759-9382-4E104667C79C}
		{CD1542D2-3E8B-4AEC-8E06-BD8AEAB87C0F} = {AC5A472C-A88B-4759-9382-4E104667C79C}
		{199DE9D3-C052-48D7-AF1B-EB279945AEF8} = {AC5A472C-A88B-4759-9382-4E104667C79C}
		{0E683D97-C1B0-44B6-8D44-1AE03811EF5F} = {AC5A472C-A88B-4759-9382-4E104667C79C}
		{72F41155-1F68-4F27-A9DB-9AB3CEB6077B} = {AC5A472C-A88B-4759-9382-4E104667C79C}
		{CDE5ECB4-C278-4FAA-BD3E-D955AF8B9584} = {AC5A472C-A88B-4759-9382-4E104667C79C}
		{F4C8FD67-19B7-4A24-9968-272DB0A8F6B8} = {AC5A472C-A88B-4759-9382-4E104667C79C}
		{79F1294D-EB91-4448-94C5-E18FBB4B1F24} = {AC5A472C-A88B-4759-9382-4E104667C79C}
		{85F484FC-C0B9-47CD-B563-314E32F41868} = {27DE4434-5C65-45A7-A097-EEAD102B116E}
		{F651B6CB-9128-4B49-95AA-7A4DDC2CFDF2} = {27DE4434-5C65-45A7-A097-EEAD102B116E}
		{BEDB39D5-6DDA-4DF1-84A8-3049ABA865F1} = {27DE4434-5C65-45A7-A097-EEAD102B116E}
		{94FE37BE-157D-496A-A116-65ADAF72A929} = {27DE4434-5C65-45A7-A097-EEAD102B116E}
		{80EE6DE3-67B2-43F5-9DA4-74F2DAC6FD86} = {27DE4434-5C65-45A7-A097-EEAD102B116E}
		{DA15BEB3-9C5A-45A8-A03A-C0C6E7A7EDD2} = {27DE4434-5C65-45A7-A097-EEAD102B116E}
		{33C8844E-B693-47F4-9624-1BDD116AE162} = {27DE4434-5C65-45A7-A097-EEAD102B116E}
		{8E374052-8307-4D27-98D3-01895F2CCD74} = {52B7F335-5D7D-4D77-9747-087DB306D475}
		{60ADEAD9-A7E8-491C-82F0-3144A38D39E6} = {52B7F335-5D7D-4D77-9747-087DB306D475}
		{BE7AF677-C56C-406A-99F7-DB0AFAD9F8C3} = {52B7F335-5D7D-4D77-9747-087DB306D475}
		{F7E3140C-D343-45C1-A5B1-2C64503240BA} = {52B7F335-5D7D-4D77-9747-087DB306D475}
		{59F88E86-049D-416C-887A-9F2D8EBB7BBB} = {52B7F335-5D7D-4D77-9747-087DB306D475}
		{DC3517AE-A4EE-4DBE-BD5B-DC49172EF053} = {3B7F90E7-756E-4713-8CFF-2FC4F4CFD563}
		{320352B3-805C-4386-8731-DD7CDA6E268D} = {3B7F90E7-756E-4713-8CFF-2FC4F4CFD563}
		{832EBD29-0771-4B10-B016-4C6495EDF9C8} = {3B7F90E7-756E-4713-8CFF-2FC4F4CFD563}
		{6529DBB3-2EEB-4361-8A1E-CD31875B8EFC} = {3B7F90E7-756E-4713-8CFF-2FC4F4CFD563}
		{A99CCB68-3080-403D-AD2A-786252E5AB06} = {3B7F90E7-756E-4713-8CFF-2FC4F4CFD563}
	EndGlobalSection
EndGlobal
